<?xml version="1.0" encoding="utf-8"?>
<Project ToolsVersion="4.0" xmlns="http://schemas.microsoft.com/developer/msbuild/2003">
  <ItemGroup>
    <Filter Include="Source Files">
      <UniqueIdentifier>{4FC737F1-C7A5-4376-A066-2A32D752A2FF}</UniqueIdentifier>
      <Extensions>cpp;c;cc;cxx;c++;cppm;ixx;def;odl;idl;hpj;bat;asm;asmx</Extensions>
    </Filter>
    <Filter Include="Header Files">
      <UniqueIdentifier>{93995380-89BD-4b04-88EB-625FBE52EBFB}</UniqueIdentifier>
      <Extensions>h;hh;hpp;hxx;h++;hm;inl;inc;ipp;xsd</Extensions>
    </Filter>
    <Filter Include="Resource Files">
      <UniqueIdentifier>{67DA6AB6-F800-4c08-8B7A-83BB121AAD01}</UniqueIdentifier>
      <Extensions>rc;ico;cur;bmp;dlg;rc2;rct;bin;rgs;gif;jpg;jpeg;jpe;resx;tiff;tif;png;wav;mfcribbon-ms</Extensions>
    </Filter>
    <Filter Include="Source Files\imgui">
      <UniqueIdentifier>{e272a349-fd28-4619-8318-cb6636d4531a}</UniqueIdentifier>
    </Filter>
    <Filter Include="Header Files\imgui">
      <UniqueIdentifier>{9a93a44c-0910-4f13-a35e-3bda4a7d65fe}</UniqueIdentifier>
    </Filter>
  </ItemGroup>
  <ItemGroup>
    <ClCompile Include="imgui\imgui.cpp">
      <Filter>Source Files\imgui</Filter>
    </ClCompile>
    <ClCompile Include="imgui\imgui_demo.cpp">
      <Filter>Source Files\imgui</Filter>
    </ClCompile>
    <ClCompile Include="imgui\imgui_draw.cpp">
      <Filter>Source Files\imgui</Filter>
    </ClCompile>
    <ClCompile Include="imgui\imgui_impl_glfw.cpp">
      <Filter>Source Files\imgui</Filter>
    </ClCompile>
    <ClCompile Include="imgui\imgui_impl_opengl3.cpp">
      <Filter>Source Files\imgui</Filter>
    </ClCompile>
    <ClCompile Include="imgui\imgui_tables.cpp">
      <Filter>Source Files\imgui</Filter>
    </ClCompile>
    <ClCompile Include="imgui\imgui_widgets.cpp">
      <Filter>Source Files\imgui</Filter>
    </ClCompile>
    <ClCompile Include="Dependencies\glm\detail\glm.cpp">
      <Filter>Source Files</Filter>
    </ClCompile>
    <ClCompile Include="imgui\imgui_impl_win32.cpp">
      <Filter>Source Files</Filter>
    </ClCompile>
    <ClCompile Include="src\Components\Component.cpp">
      <Filter>Source Files</Filter>
    </ClCompile>
    <ClCompile Include="src\Components\Mesh.cpp">
      <Filter>Source Files</Filter>
    </ClCompile>
    <ClCompile Include="src\Components\Transform.cpp">
      <Filter>Source Files</Filter>
    </ClCompile>
    <ClCompile Include="src\Components\Entity.cpp">
      <Filter>Source Files</Filter>
    </ClCompile>
    <ClCompile Include="src\Camera.cpp">
      <Filter>Source Files</Filter>
    </ClCompile>
    <ClCompile Include="src\Engine.cpp">
      <Filter>Source Files</Filter>
    </ClCompile>
    <ClCompile Include="src\main.cpp">
      <Filter>Source Files</Filter>
    </ClCompile>
    <ClCompile Include="src\Shader.cpp">
      <Filter>Source Files</Filter>
    </ClCompile>
    <ClCompile Include="src\Tools.cpp">
      <Filter>Source Files</Filter>
    </ClCompile>
    <ClCompile Include="Dependencies\gizmos\GraphEditor.cpp">
      <Filter>Source Files</Filter>
    </ClCompile>
    <ClCompile Include="Dependencies\gizmos\ImCurveEdit.cpp">
      <Filter>Source Files</Filter>
    </ClCompile>
    <ClCompile Include="Dependencies\gizmos\ImGradient.cpp">
      <Filter>Source Files</Filter>
    </ClCompile>
    <ClCompile Include="Dependencies\gizmos\ImGuizmo.cpp">
      <Filter>Source Files</Filter>
    </ClCompile>
    <ClCompile Include="Dependencies\gizmos\ImSequencer.cpp">
      <Filter>Source Files</Filter>
    </ClCompile>
    <ClCompile Include="imgui\filedialog\ImGuiFileDialog.cpp">
      <Filter>Source Files</Filter>
    </ClCompile>
    <ClCompile Include="src\Components\Light.cpp">
      <Filter>Source Files</Filter>
    </ClCompile>
    <ClCompile Include="src\Bounds.cpp">
      <Filter>Source Files</Filter>
    </ClCompile>
    <ClCompile Include="src\Ray.cpp">
      <Filter>Source Files</Filter>
    </ClCompile>
    <ClCompile Include="src\Physics.cpp">
      <Filter>Source Files</Filter>
    </ClCompile>
    <ClCompile Include="src\LightMapper.cpp">
      <Filter>Source Files</Filter>
    </ClCompile>
    <ClCompile Include="Dependencies\yaml\src\contrib\graphbuilder.cpp">
      <Filter>Source Files</Filter>
    </ClCompile>
    <ClCompile Include="Dependencies\yaml\src\contrib\graphbuilderadapter.cpp">
      <Filter>Source Files</Filter>
    </ClCompile>
    <ClCompile Include="Dependencies\yaml\src\binary.cpp">
      <Filter>Source Files</Filter>
    </ClCompile>
    <ClCompile Include="Dependencies\yaml\src\convert.cpp">
      <Filter>Source Files</Filter>
    </ClCompile>
    <ClCompile Include="Dependencies\yaml\src\depthguard.cpp">
      <Filter>Source Files</Filter>
    </ClCompile>
    <ClCompile Include="Dependencies\yaml\src\directives.cpp">
      <Filter>Source Files</Filter>
    </ClCompile>
    <ClCompile Include="Dependencies\yaml\src\emit.cpp">
      <Filter>Source Files</Filter>
    </ClCompile>
    <ClCompile Include="Dependencies\yaml\src\emitfromevents.cpp">
      <Filter>Source Files</Filter>
    </ClCompile>
    <ClCompile Include="Dependencies\yaml\src\emitter.cpp">
      <Filter>Source Files</Filter>
    </ClCompile>
    <ClCompile Include="Dependencies\yaml\src\emitterstate.cpp">
      <Filter>Source Files</Filter>
    </ClCompile>
    <ClCompile Include="Dependencies\yaml\src\emitterutils.cpp">
      <Filter>Source Files</Filter>
    </ClCompile>
    <ClCompile Include="Dependencies\yaml\src\exceptions.cpp">
      <Filter>Source Files</Filter>
    </ClCompile>
    <ClCompile Include="Dependencies\yaml\src\exp.cpp">
      <Filter>Source Files</Filter>
    </ClCompile>
    <ClCompile Include="Dependencies\yaml\src\memory.cpp">
      <Filter>Source Files</Filter>
    </ClCompile>
    <ClCompile Include="Dependencies\yaml\src\node.cpp">
      <Filter>Source Files</Filter>
    </ClCompile>
    <ClCompile Include="Dependencies\yaml\src\node_data.cpp">
      <Filter>Source Files</Filter>
    </ClCompile>
    <ClCompile Include="Dependencies\yaml\src\nodebuilder.cpp">
      <Filter>Source Files</Filter>
    </ClCompile>
    <ClCompile Include="Dependencies\yaml\src\nodeevents.cpp">
      <Filter>Source Files</Filter>
    </ClCompile>
    <ClCompile Include="Dependencies\yaml\src\null.cpp">
      <Filter>Source Files</Filter>
    </ClCompile>
    <ClCompile Include="Dependencies\yaml\src\ostream_wrapper.cpp">
      <Filter>Source Files</Filter>
    </ClCompile>
    <ClCompile Include="Dependencies\yaml\src\parse.cpp">
      <Filter>Source Files</Filter>
    </ClCompile>
    <ClCompile Include="Dependencies\yaml\src\parser.cpp">
      <Filter>Source Files</Filter>
    </ClCompile>
    <ClCompile Include="Dependencies\yaml\src\regex_yaml.cpp">
      <Filter>Source Files</Filter>
    </ClCompile>
    <ClCompile Include="Dependencies\yaml\src\scanner.cpp">
      <Filter>Source Files</Filter>
    </ClCompile>
    <ClCompile Include="Dependencies\yaml\src\scanscalar.cpp">
      <Filter>Source Files</Filter>
    </ClCompile>
    <ClCompile Include="Dependencies\yaml\src\scantag.cpp">
      <Filter>Source Files</Filter>
    </ClCompile>
    <ClCompile Include="Dependencies\yaml\src\scantoken.cpp">
      <Filter>Source Files</Filter>
    </ClCompile>
    <ClCompile Include="Dependencies\yaml\src\simplekey.cpp">
      <Filter>Source Files</Filter>
    </ClCompile>
    <ClCompile Include="Dependencies\yaml\src\singledocparser.cpp">
      <Filter>Source Files</Filter>
    </ClCompile>
    <ClCompile Include="Dependencies\yaml\src\stream.cpp">
      <Filter>Source Files</Filter>
    </ClCompile>
    <ClCompile Include="Dependencies\yaml\src\tag.cpp">
      <Filter>Source Files</Filter>
    </ClCompile>
    <ClCompile Include="src\Texture.cpp">
      <Filter>Source Files</Filter>
    </ClCompile>
    <ClCompile Include="src\Material.cpp">
      <Filter>Source Files</Filter>
    </ClCompile>
    <ClCompile Include="src\PostProcess.cpp">
      <Filter>Source Files</Filter>
    </ClCompile>
  </ItemGroup>
  <ItemGroup>
    <ClInclude Include="imgui\imgui_impl_glfw.h">
      <Filter>Header Files\imgui</Filter>
    </ClInclude>
    <ClInclude Include="imgui\imgui_impl_opengl3.h">
      <Filter>Header Files\imgui</Filter>
    </ClInclude>
    <ClInclude Include="imgui\imgui_internal.h">
      <Filter>Header Files\imgui</Filter>
    </ClInclude>
    <ClInclude Include="imgui\imstb_rectpack.h">
      <Filter>Header Files\imgui</Filter>
    </ClInclude>
    <ClInclude Include="imgui\imstb_textedit.h">
      <Filter>Header Files\imgui</Filter>
    </ClInclude>
    <ClInclude Include="imgui\imstb_truetype.h">
      <Filter>Header Files\imgui</Filter>
    </ClInclude>
    <ClInclude Include="imgui\imconfig.h">
      <Filter>Header Files\imgui</Filter>
    </ClInclude>
    <ClInclude Include="imgui\imgui.h">
      <Filter>Header Files\imgui</Filter>
    </ClInclude>
    <ClInclude Include="imgui\imgui_impl_opengl3_loader.h">
      <Filter>Header Files\imgui</Filter>
    </ClInclude>
    <ClInclude Include="Dependencies\GLEW\include\GL\eglew.h">
      <Filter>Header Files</Filter>
    </ClInclude>
    <ClInclude Include="Dependencies\GLEW\include\GL\freeglut.h">
      <Filter>Header Files</Filter>
    </ClInclude>
    <ClInclude Include="Dependencies\GLEW\include\GL\freeglut_ext.h">
      <Filter>Header Files</Filter>
    </ClInclude>
    <ClInclude Include="Dependencies\GLEW\include\GL\freeglut_std.h">
      <Filter>Header Files</Filter>
    </ClInclude>
    <ClInclude Include="Dependencies\GLEW\include\GL\freeglut_ucall.h">
      <Filter>Header Files</Filter>
    </ClInclude>
    <ClInclude Include="Dependencies\GLEW\include\GL\glew.h">
      <Filter>Header Files</Filter>
    </ClInclude>
    <ClInclude Include="Dependencies\GLEW\include\GL\glxew.h">
      <Filter>Header Files</Filter>
    </ClInclude>
    <ClInclude Include="Dependencies\GLEW\include\GL\wglew.h">
      <Filter>Header Files</Filter>
    </ClInclude>
    <ClInclude Include="Dependencies\GLFW\include\GLFW\glfw3.h">
      <Filter>Header Files</Filter>
    </ClInclude>
    <ClInclude Include="Dependencies\GLFW\include\GLFW\glfw3native.h">
      <Filter>Header Files</Filter>
    </ClInclude>
    <ClInclude Include="Dependencies\glm\detail\_features.hpp">
      <Filter>Header Files</Filter>
    </ClInclude>
    <ClInclude Include="Dependencies\glm\detail\_fixes.hpp">
      <Filter>Header Files</Filter>
    </ClInclude>
    <ClInclude Include="Dependencies\glm\detail\_noise.hpp">
      <Filter>Header Files</Filter>
    </ClInclude>
    <ClInclude Include="Dependencies\glm\detail\_swizzle.hpp">
      <Filter>Header Files</Filter>
    </ClInclude>
    <ClInclude Include="Dependencies\glm\detail\_swizzle_func.hpp">
      <Filter>Header Files</Filter>
    </ClInclude>
    <ClInclude Include="Dependencies\glm\detail\_vectorize.hpp">
      <Filter>Header Files</Filter>
    </ClInclude>
    <ClInclude Include="Dependencies\glm\detail\compute_common.hpp">
      <Filter>Header Files</Filter>
    </ClInclude>
    <ClInclude Include="Dependencies\glm\detail\compute_vector_relational.hpp">
      <Filter>Header Files</Filter>
    </ClInclude>
    <ClInclude Include="Dependencies\glm\detail\qualifier.hpp">
      <Filter>Header Files</Filter>
    </ClInclude>
    <ClInclude Include="Dependencies\glm\detail\setup.hpp">
      <Filter>Header Files</Filter>
    </ClInclude>
    <ClInclude Include="Dependencies\glm\detail\type_float.hpp">
      <Filter>Header Files</Filter>
    </ClInclude>
    <ClInclude Include="Dependencies\glm\detail\type_half.hpp">
      <Filter>Header Files</Filter>
    </ClInclude>
    <ClInclude Include="Dependencies\glm\detail\type_mat2x2.hpp">
      <Filter>Header Files</Filter>
    </ClInclude>
    <ClInclude Include="Dependencies\glm\detail\type_mat2x3.hpp">
      <Filter>Header Files</Filter>
    </ClInclude>
    <ClInclude Include="Dependencies\glm\detail\type_mat2x4.hpp">
      <Filter>Header Files</Filter>
    </ClInclude>
    <ClInclude Include="Dependencies\glm\detail\type_mat3x2.hpp">
      <Filter>Header Files</Filter>
    </ClInclude>
    <ClInclude Include="Dependencies\glm\detail\type_mat3x3.hpp">
      <Filter>Header Files</Filter>
    </ClInclude>
    <ClInclude Include="Dependencies\glm\detail\type_mat3x4.hpp">
      <Filter>Header Files</Filter>
    </ClInclude>
    <ClInclude Include="Dependencies\glm\detail\type_mat4x2.hpp">
      <Filter>Header Files</Filter>
    </ClInclude>
    <ClInclude Include="Dependencies\glm\detail\type_mat4x3.hpp">
      <Filter>Header Files</Filter>
    </ClInclude>
    <ClInclude Include="Dependencies\glm\detail\type_mat4x4.hpp">
      <Filter>Header Files</Filter>
    </ClInclude>
    <ClInclude Include="Dependencies\glm\detail\type_quat.hpp">
      <Filter>Header Files</Filter>
    </ClInclude>
    <ClInclude Include="Dependencies\glm\detail\type_vec1.hpp">
      <Filter>Header Files</Filter>
    </ClInclude>
    <ClInclude Include="Dependencies\glm\detail\type_vec2.hpp">
      <Filter>Header Files</Filter>
    </ClInclude>
    <ClInclude Include="Dependencies\glm\detail\type_vec3.hpp">
      <Filter>Header Files</Filter>
    </ClInclude>
    <ClInclude Include="Dependencies\glm\detail\type_vec4.hpp">
      <Filter>Header Files</Filter>
    </ClInclude>
    <ClInclude Include="Dependencies\glm\ext\matrix_clip_space.hpp">
      <Filter>Header Files</Filter>
    </ClInclude>
    <ClInclude Include="Dependencies\glm\ext\matrix_common.hpp">
      <Filter>Header Files</Filter>
    </ClInclude>
    <ClInclude Include="Dependencies\glm\ext\matrix_double2x2.hpp">
      <Filter>Header Files</Filter>
    </ClInclude>
    <ClInclude Include="Dependencies\glm\ext\matrix_double2x2_precision.hpp">
      <Filter>Header Files</Filter>
    </ClInclude>
    <ClInclude Include="Dependencies\glm\ext\matrix_double2x3.hpp">
      <Filter>Header Files</Filter>
    </ClInclude>
    <ClInclude Include="Dependencies\glm\ext\matrix_double2x3_precision.hpp">
      <Filter>Header Files</Filter>
    </ClInclude>
    <ClInclude Include="Dependencies\glm\ext\matrix_double2x4.hpp">
      <Filter>Header Files</Filter>
    </ClInclude>
    <ClInclude Include="Dependencies\glm\ext\matrix_double2x4_precision.hpp">
      <Filter>Header Files</Filter>
    </ClInclude>
    <ClInclude Include="Dependencies\glm\ext\matrix_double3x2.hpp">
      <Filter>Header Files</Filter>
    </ClInclude>
    <ClInclude Include="Dependencies\glm\ext\matrix_double3x2_precision.hpp">
      <Filter>Header Files</Filter>
    </ClInclude>
    <ClInclude Include="Dependencies\glm\ext\matrix_double3x3.hpp">
      <Filter>Header Files</Filter>
    </ClInclude>
    <ClInclude Include="Dependencies\glm\ext\matrix_double3x3_precision.hpp">
      <Filter>Header Files</Filter>
    </ClInclude>
    <ClInclude Include="Dependencies\glm\ext\matrix_double3x4.hpp">
      <Filter>Header Files</Filter>
    </ClInclude>
    <ClInclude Include="Dependencies\glm\ext\matrix_double3x4_precision.hpp">
      <Filter>Header Files</Filter>
    </ClInclude>
    <ClInclude Include="Dependencies\glm\ext\matrix_double4x2.hpp">
      <Filter>Header Files</Filter>
    </ClInclude>
    <ClInclude Include="Dependencies\glm\ext\matrix_double4x2_precision.hpp">
      <Filter>Header Files</Filter>
    </ClInclude>
    <ClInclude Include="Dependencies\glm\ext\matrix_double4x3.hpp">
      <Filter>Header Files</Filter>
    </ClInclude>
    <ClInclude Include="Dependencies\glm\ext\matrix_double4x3_precision.hpp">
      <Filter>Header Files</Filter>
    </ClInclude>
    <ClInclude Include="Dependencies\glm\ext\matrix_double4x4.hpp">
      <Filter>Header Files</Filter>
    </ClInclude>
    <ClInclude Include="Dependencies\glm\ext\matrix_double4x4_precision.hpp">
      <Filter>Header Files</Filter>
    </ClInclude>
    <ClInclude Include="Dependencies\glm\ext\matrix_float2x2.hpp">
      <Filter>Header Files</Filter>
    </ClInclude>
    <ClInclude Include="Dependencies\glm\ext\matrix_float2x2_precision.hpp">
      <Filter>Header Files</Filter>
    </ClInclude>
    <ClInclude Include="Dependencies\glm\ext\matrix_float2x3.hpp">
      <Filter>Header Files</Filter>
    </ClInclude>
    <ClInclude Include="Dependencies\glm\ext\matrix_float2x3_precision.hpp">
      <Filter>Header Files</Filter>
    </ClInclude>
    <ClInclude Include="Dependencies\glm\ext\matrix_float2x4.hpp">
      <Filter>Header Files</Filter>
    </ClInclude>
    <ClInclude Include="Dependencies\glm\ext\matrix_float2x4_precision.hpp">
      <Filter>Header Files</Filter>
    </ClInclude>
    <ClInclude Include="Dependencies\glm\ext\matrix_float3x2.hpp">
      <Filter>Header Files</Filter>
    </ClInclude>
    <ClInclude Include="Dependencies\glm\ext\matrix_float3x2_precision.hpp">
      <Filter>Header Files</Filter>
    </ClInclude>
    <ClInclude Include="Dependencies\glm\ext\matrix_float3x3.hpp">
      <Filter>Header Files</Filter>
    </ClInclude>
    <ClInclude Include="Dependencies\glm\ext\matrix_float3x3_precision.hpp">
      <Filter>Header Files</Filter>
    </ClInclude>
    <ClInclude Include="Dependencies\glm\ext\matrix_float3x4.hpp">
      <Filter>Header Files</Filter>
    </ClInclude>
    <ClInclude Include="Dependencies\glm\ext\matrix_float3x4_precision.hpp">
      <Filter>Header Files</Filter>
    </ClInclude>
    <ClInclude Include="Dependencies\glm\ext\matrix_float4x2.hpp">
      <Filter>Header Files</Filter>
    </ClInclude>
    <ClInclude Include="Dependencies\glm\ext\matrix_float4x2_precision.hpp">
      <Filter>Header Files</Filter>
    </ClInclude>
    <ClInclude Include="Dependencies\glm\ext\matrix_float4x3.hpp">
      <Filter>Header Files</Filter>
    </ClInclude>
    <ClInclude Include="Dependencies\glm\ext\matrix_float4x3_precision.hpp">
      <Filter>Header Files</Filter>
    </ClInclude>
    <ClInclude Include="Dependencies\glm\ext\matrix_float4x4.hpp">
      <Filter>Header Files</Filter>
    </ClInclude>
    <ClInclude Include="Dependencies\glm\ext\matrix_float4x4_precision.hpp">
      <Filter>Header Files</Filter>
    </ClInclude>
    <ClInclude Include="Dependencies\glm\ext\matrix_int2x2.hpp">
      <Filter>Header Files</Filter>
    </ClInclude>
    <ClInclude Include="Dependencies\glm\ext\matrix_int2x2_sized.hpp">
      <Filter>Header Files</Filter>
    </ClInclude>
    <ClInclude Include="Dependencies\glm\ext\matrix_int2x3.hpp">
      <Filter>Header Files</Filter>
    </ClInclude>
    <ClInclude Include="Dependencies\glm\ext\matrix_int2x3_sized.hpp">
      <Filter>Header Files</Filter>
    </ClInclude>
    <ClInclude Include="Dependencies\glm\ext\matrix_int2x4.hpp">
      <Filter>Header Files</Filter>
    </ClInclude>
    <ClInclude Include="Dependencies\glm\ext\matrix_int2x4_sized.hpp">
      <Filter>Header Files</Filter>
    </ClInclude>
    <ClInclude Include="Dependencies\glm\ext\matrix_int3x2.hpp">
      <Filter>Header Files</Filter>
    </ClInclude>
    <ClInclude Include="Dependencies\glm\ext\matrix_int3x2_sized.hpp">
      <Filter>Header Files</Filter>
    </ClInclude>
    <ClInclude Include="Dependencies\glm\ext\matrix_int3x3.hpp">
      <Filter>Header Files</Filter>
    </ClInclude>
    <ClInclude Include="Dependencies\glm\ext\matrix_int3x3_sized.hpp">
      <Filter>Header Files</Filter>
    </ClInclude>
    <ClInclude Include="Dependencies\glm\ext\matrix_int3x4.hpp">
      <Filter>Header Files</Filter>
    </ClInclude>
    <ClInclude Include="Dependencies\glm\ext\matrix_int3x4_sized.hpp">
      <Filter>Header Files</Filter>
    </ClInclude>
    <ClInclude Include="Dependencies\glm\ext\matrix_int4x2.hpp">
      <Filter>Header Files</Filter>
    </ClInclude>
    <ClInclude Include="Dependencies\glm\ext\matrix_int4x2_sized.hpp">
      <Filter>Header Files</Filter>
    </ClInclude>
    <ClInclude Include="Dependencies\glm\ext\matrix_int4x3.hpp">
      <Filter>Header Files</Filter>
    </ClInclude>
    <ClInclude Include="Dependencies\glm\ext\matrix_int4x3_sized.hpp">
      <Filter>Header Files</Filter>
    </ClInclude>
    <ClInclude Include="Dependencies\glm\ext\matrix_int4x4.hpp">
      <Filter>Header Files</Filter>
    </ClInclude>
    <ClInclude Include="Dependencies\glm\ext\matrix_int4x4_sized.hpp">
      <Filter>Header Files</Filter>
    </ClInclude>
    <ClInclude Include="Dependencies\glm\ext\matrix_projection.hpp">
      <Filter>Header Files</Filter>
    </ClInclude>
    <ClInclude Include="Dependencies\glm\ext\matrix_relational.hpp">
      <Filter>Header Files</Filter>
    </ClInclude>
    <ClInclude Include="Dependencies\glm\ext\matrix_transform.hpp">
      <Filter>Header Files</Filter>
    </ClInclude>
    <ClInclude Include="Dependencies\glm\ext\matrix_uint2x2.hpp">
      <Filter>Header Files</Filter>
    </ClInclude>
    <ClInclude Include="Dependencies\glm\ext\matrix_uint2x2_sized.hpp">
      <Filter>Header Files</Filter>
    </ClInclude>
    <ClInclude Include="Dependencies\glm\ext\matrix_uint2x3.hpp">
      <Filter>Header Files</Filter>
    </ClInclude>
    <ClInclude Include="Dependencies\glm\ext\matrix_uint2x3_sized.hpp">
      <Filter>Header Files</Filter>
    </ClInclude>
    <ClInclude Include="Dependencies\glm\ext\matrix_uint2x4.hpp">
      <Filter>Header Files</Filter>
    </ClInclude>
    <ClInclude Include="Dependencies\glm\ext\matrix_uint2x4_sized.hpp">
      <Filter>Header Files</Filter>
    </ClInclude>
    <ClInclude Include="Dependencies\glm\ext\matrix_uint3x2.hpp">
      <Filter>Header Files</Filter>
    </ClInclude>
    <ClInclude Include="Dependencies\glm\ext\matrix_uint3x2_sized.hpp">
      <Filter>Header Files</Filter>
    </ClInclude>
    <ClInclude Include="Dependencies\glm\ext\matrix_uint3x3.hpp">
      <Filter>Header Files</Filter>
    </ClInclude>
    <ClInclude Include="Dependencies\glm\ext\matrix_uint3x3_sized.hpp">
      <Filter>Header Files</Filter>
    </ClInclude>
    <ClInclude Include="Dependencies\glm\ext\matrix_uint3x4.hpp">
      <Filter>Header Files</Filter>
    </ClInclude>
    <ClInclude Include="Dependencies\glm\ext\matrix_uint3x4_sized.hpp">
      <Filter>Header Files</Filter>
    </ClInclude>
    <ClInclude Include="Dependencies\glm\ext\matrix_uint4x2.hpp">
      <Filter>Header Files</Filter>
    </ClInclude>
    <ClInclude Include="Dependencies\glm\ext\matrix_uint4x2_sized.hpp">
      <Filter>Header Files</Filter>
    </ClInclude>
    <ClInclude Include="Dependencies\glm\ext\matrix_uint4x3.hpp">
      <Filter>Header Files</Filter>
    </ClInclude>
    <ClInclude Include="Dependencies\glm\ext\matrix_uint4x3_sized.hpp">
      <Filter>Header Files</Filter>
    </ClInclude>
    <ClInclude Include="Dependencies\glm\ext\matrix_uint4x4.hpp">
      <Filter>Header Files</Filter>
    </ClInclude>
    <ClInclude Include="Dependencies\glm\ext\matrix_uint4x4_sized.hpp">
      <Filter>Header Files</Filter>
    </ClInclude>
    <ClInclude Include="Dependencies\glm\ext\quaternion_common.hpp">
      <Filter>Header Files</Filter>
    </ClInclude>
    <ClInclude Include="Dependencies\glm\ext\quaternion_double.hpp">
      <Filter>Header Files</Filter>
    </ClInclude>
    <ClInclude Include="Dependencies\glm\ext\quaternion_double_precision.hpp">
      <Filter>Header Files</Filter>
    </ClInclude>
    <ClInclude Include="Dependencies\glm\ext\quaternion_exponential.hpp">
      <Filter>Header Files</Filter>
    </ClInclude>
    <ClInclude Include="Dependencies\glm\ext\quaternion_float.hpp">
      <Filter>Header Files</Filter>
    </ClInclude>
    <ClInclude Include="Dependencies\glm\ext\quaternion_float_precision.hpp">
      <Filter>Header Files</Filter>
    </ClInclude>
    <ClInclude Include="Dependencies\glm\ext\quaternion_geometric.hpp">
      <Filter>Header Files</Filter>
    </ClInclude>
    <ClInclude Include="Dependencies\glm\ext\quaternion_relational.hpp">
      <Filter>Header Files</Filter>
    </ClInclude>
    <ClInclude Include="Dependencies\glm\ext\quaternion_transform.hpp">
      <Filter>Header Files</Filter>
    </ClInclude>
    <ClInclude Include="Dependencies\glm\ext\quaternion_trigonometric.hpp">
      <Filter>Header Files</Filter>
    </ClInclude>
    <ClInclude Include="Dependencies\glm\ext\scalar_common.hpp">
      <Filter>Header Files</Filter>
    </ClInclude>
    <ClInclude Include="Dependencies\glm\ext\scalar_constants.hpp">
      <Filter>Header Files</Filter>
    </ClInclude>
    <ClInclude Include="Dependencies\glm\ext\scalar_int_sized.hpp">
      <Filter>Header Files</Filter>
    </ClInclude>
    <ClInclude Include="Dependencies\glm\ext\scalar_integer.hpp">
      <Filter>Header Files</Filter>
    </ClInclude>
    <ClInclude Include="Dependencies\glm\ext\scalar_packing.hpp">
      <Filter>Header Files</Filter>
    </ClInclude>
    <ClInclude Include="Dependencies\glm\ext\scalar_relational.hpp">
      <Filter>Header Files</Filter>
    </ClInclude>
    <ClInclude Include="Dependencies\glm\ext\scalar_uint_sized.hpp">
      <Filter>Header Files</Filter>
    </ClInclude>
    <ClInclude Include="Dependencies\glm\ext\scalar_ulp.hpp">
      <Filter>Header Files</Filter>
    </ClInclude>
    <ClInclude Include="Dependencies\glm\ext\vector_bool1.hpp">
      <Filter>Header Files</Filter>
    </ClInclude>
    <ClInclude Include="Dependencies\glm\ext\vector_bool1_precision.hpp">
      <Filter>Header Files</Filter>
    </ClInclude>
    <ClInclude Include="Dependencies\glm\ext\vector_bool2.hpp">
      <Filter>Header Files</Filter>
    </ClInclude>
    <ClInclude Include="Dependencies\glm\ext\vector_bool2_precision.hpp">
      <Filter>Header Files</Filter>
    </ClInclude>
    <ClInclude Include="Dependencies\glm\ext\vector_bool3.hpp">
      <Filter>Header Files</Filter>
    </ClInclude>
    <ClInclude Include="Dependencies\glm\ext\vector_bool3_precision.hpp">
      <Filter>Header Files</Filter>
    </ClInclude>
    <ClInclude Include="Dependencies\glm\ext\vector_bool4.hpp">
      <Filter>Header Files</Filter>
    </ClInclude>
    <ClInclude Include="Dependencies\glm\ext\vector_bool4_precision.hpp">
      <Filter>Header Files</Filter>
    </ClInclude>
    <ClInclude Include="Dependencies\glm\ext\vector_common.hpp">
      <Filter>Header Files</Filter>
    </ClInclude>
    <ClInclude Include="Dependencies\glm\ext\vector_double1.hpp">
      <Filter>Header Files</Filter>
    </ClInclude>
    <ClInclude Include="Dependencies\glm\ext\vector_double1_precision.hpp">
      <Filter>Header Files</Filter>
    </ClInclude>
    <ClInclude Include="Dependencies\glm\ext\vector_double2.hpp">
      <Filter>Header Files</Filter>
    </ClInclude>
    <ClInclude Include="Dependencies\glm\ext\vector_double2_precision.hpp">
      <Filter>Header Files</Filter>
    </ClInclude>
    <ClInclude Include="Dependencies\glm\ext\vector_double3.hpp">
      <Filter>Header Files</Filter>
    </ClInclude>
    <ClInclude Include="Dependencies\glm\ext\vector_double3_precision.hpp">
      <Filter>Header Files</Filter>
    </ClInclude>
    <ClInclude Include="Dependencies\glm\ext\vector_double4.hpp">
      <Filter>Header Files</Filter>
    </ClInclude>
    <ClInclude Include="Dependencies\glm\ext\vector_double4_precision.hpp">
      <Filter>Header Files</Filter>
    </ClInclude>
    <ClInclude Include="Dependencies\glm\ext\vector_float1.hpp">
      <Filter>Header Files</Filter>
    </ClInclude>
    <ClInclude Include="Dependencies\glm\ext\vector_float1_precision.hpp">
      <Filter>Header Files</Filter>
    </ClInclude>
    <ClInclude Include="Dependencies\glm\ext\vector_float2.hpp">
      <Filter>Header Files</Filter>
    </ClInclude>
    <ClInclude Include="Dependencies\glm\ext\vector_float2_precision.hpp">
      <Filter>Header Files</Filter>
    </ClInclude>
    <ClInclude Include="Dependencies\glm\ext\vector_float3.hpp">
      <Filter>Header Files</Filter>
    </ClInclude>
    <ClInclude Include="Dependencies\glm\ext\vector_float3_precision.hpp">
      <Filter>Header Files</Filter>
    </ClInclude>
    <ClInclude Include="Dependencies\glm\ext\vector_float4.hpp">
      <Filter>Header Files</Filter>
    </ClInclude>
    <ClInclude Include="Dependencies\glm\ext\vector_float4_precision.hpp">
      <Filter>Header Files</Filter>
    </ClInclude>
    <ClInclude Include="Dependencies\glm\ext\vector_int1.hpp">
      <Filter>Header Files</Filter>
    </ClInclude>
    <ClInclude Include="Dependencies\glm\ext\vector_int1_sized.hpp">
      <Filter>Header Files</Filter>
    </ClInclude>
    <ClInclude Include="Dependencies\glm\ext\vector_int2.hpp">
      <Filter>Header Files</Filter>
    </ClInclude>
    <ClInclude Include="Dependencies\glm\ext\vector_int2_sized.hpp">
      <Filter>Header Files</Filter>
    </ClInclude>
    <ClInclude Include="Dependencies\glm\ext\vector_int3.hpp">
      <Filter>Header Files</Filter>
    </ClInclude>
    <ClInclude Include="Dependencies\glm\ext\vector_int3_sized.hpp">
      <Filter>Header Files</Filter>
    </ClInclude>
    <ClInclude Include="Dependencies\glm\ext\vector_int4.hpp">
      <Filter>Header Files</Filter>
    </ClInclude>
    <ClInclude Include="Dependencies\glm\ext\vector_int4_sized.hpp">
      <Filter>Header Files</Filter>
    </ClInclude>
    <ClInclude Include="Dependencies\glm\ext\vector_integer.hpp">
      <Filter>Header Files</Filter>
    </ClInclude>
    <ClInclude Include="Dependencies\glm\ext\vector_packing.hpp">
      <Filter>Header Files</Filter>
    </ClInclude>
    <ClInclude Include="Dependencies\glm\ext\vector_relational.hpp">
      <Filter>Header Files</Filter>
    </ClInclude>
    <ClInclude Include="Dependencies\glm\ext\vector_uint1.hpp">
      <Filter>Header Files</Filter>
    </ClInclude>
    <ClInclude Include="Dependencies\glm\ext\vector_uint1_sized.hpp">
      <Filter>Header Files</Filter>
    </ClInclude>
    <ClInclude Include="Dependencies\glm\ext\vector_uint2.hpp">
      <Filter>Header Files</Filter>
    </ClInclude>
    <ClInclude Include="Dependencies\glm\ext\vector_uint2_sized.hpp">
      <Filter>Header Files</Filter>
    </ClInclude>
    <ClInclude Include="Dependencies\glm\ext\vector_uint3.hpp">
      <Filter>Header Files</Filter>
    </ClInclude>
    <ClInclude Include="Dependencies\glm\ext\vector_uint3_sized.hpp">
      <Filter>Header Files</Filter>
    </ClInclude>
    <ClInclude Include="Dependencies\glm\ext\vector_uint4.hpp">
      <Filter>Header Files</Filter>
    </ClInclude>
    <ClInclude Include="Dependencies\glm\ext\vector_uint4_sized.hpp">
      <Filter>Header Files</Filter>
    </ClInclude>
    <ClInclude Include="Dependencies\glm\ext\vector_ulp.hpp">
      <Filter>Header Files</Filter>
    </ClInclude>
    <ClInclude Include="Dependencies\glm\gtc\bitfield.hpp">
      <Filter>Header Files</Filter>
    </ClInclude>
    <ClInclude Include="Dependencies\glm\gtc\color_space.hpp">
      <Filter>Header Files</Filter>
    </ClInclude>
    <ClInclude Include="Dependencies\glm\gtc\constants.hpp">
      <Filter>Header Files</Filter>
    </ClInclude>
    <ClInclude Include="Dependencies\glm\gtc\epsilon.hpp">
      <Filter>Header Files</Filter>
    </ClInclude>
    <ClInclude Include="Dependencies\glm\gtc\integer.hpp">
      <Filter>Header Files</Filter>
    </ClInclude>
    <ClInclude Include="Dependencies\glm\gtc\matrix_access.hpp">
      <Filter>Header Files</Filter>
    </ClInclude>
    <ClInclude Include="Dependencies\glm\gtc\matrix_integer.hpp">
      <Filter>Header Files</Filter>
    </ClInclude>
    <ClInclude Include="Dependencies\glm\gtc\matrix_inverse.hpp">
      <Filter>Header Files</Filter>
    </ClInclude>
    <ClInclude Include="Dependencies\glm\gtc\matrix_transform.hpp">
      <Filter>Header Files</Filter>
    </ClInclude>
    <ClInclude Include="Dependencies\glm\gtc\noise.hpp">
      <Filter>Header Files</Filter>
    </ClInclude>
    <ClInclude Include="Dependencies\glm\gtc\packing.hpp">
      <Filter>Header Files</Filter>
    </ClInclude>
    <ClInclude Include="Dependencies\glm\gtc\quaternion.hpp">
      <Filter>Header Files</Filter>
    </ClInclude>
    <ClInclude Include="Dependencies\glm\gtc\random.hpp">
      <Filter>Header Files</Filter>
    </ClInclude>
    <ClInclude Include="Dependencies\glm\gtc\reciprocal.hpp">
      <Filter>Header Files</Filter>
    </ClInclude>
    <ClInclude Include="Dependencies\glm\gtc\round.hpp">
      <Filter>Header Files</Filter>
    </ClInclude>
    <ClInclude Include="Dependencies\glm\gtc\type_aligned.hpp">
      <Filter>Header Files</Filter>
    </ClInclude>
    <ClInclude Include="Dependencies\glm\gtc\type_precision.hpp">
      <Filter>Header Files</Filter>
    </ClInclude>
    <ClInclude Include="Dependencies\glm\gtc\type_ptr.hpp">
      <Filter>Header Files</Filter>
    </ClInclude>
    <ClInclude Include="Dependencies\glm\gtc\ulp.hpp">
      <Filter>Header Files</Filter>
    </ClInclude>
    <ClInclude Include="Dependencies\glm\gtc\vec1.hpp">
      <Filter>Header Files</Filter>
    </ClInclude>
    <ClInclude Include="Dependencies\glm\gtx\associated_min_max.hpp">
      <Filter>Header Files</Filter>
    </ClInclude>
    <ClInclude Include="Dependencies\glm\gtx\bit.hpp">
      <Filter>Header Files</Filter>
    </ClInclude>
    <ClInclude Include="Dependencies\glm\gtx\closest_point.hpp">
      <Filter>Header Files</Filter>
    </ClInclude>
    <ClInclude Include="Dependencies\glm\gtx\color_encoding.hpp">
      <Filter>Header Files</Filter>
    </ClInclude>
    <ClInclude Include="Dependencies\glm\gtx\color_space.hpp">
      <Filter>Header Files</Filter>
    </ClInclude>
    <ClInclude Include="Dependencies\glm\gtx\color_space_YCoCg.hpp">
      <Filter>Header Files</Filter>
    </ClInclude>
    <ClInclude Include="Dependencies\glm\gtx\common.hpp">
      <Filter>Header Files</Filter>
    </ClInclude>
    <ClInclude Include="Dependencies\glm\gtx\compatibility.hpp">
      <Filter>Header Files</Filter>
    </ClInclude>
    <ClInclude Include="Dependencies\glm\gtx\component_wise.hpp">
      <Filter>Header Files</Filter>
    </ClInclude>
    <ClInclude Include="Dependencies\glm\gtx\dual_quaternion.hpp">
      <Filter>Header Files</Filter>
    </ClInclude>
    <ClInclude Include="Dependencies\glm\gtx\easing.hpp">
      <Filter>Header Files</Filter>
    </ClInclude>
    <ClInclude Include="Dependencies\glm\gtx\euler_angles.hpp">
      <Filter>Header Files</Filter>
    </ClInclude>
    <ClInclude Include="Dependencies\glm\gtx\extend.hpp">
      <Filter>Header Files</Filter>
    </ClInclude>
    <ClInclude Include="Dependencies\glm\gtx\extended_min_max.hpp">
      <Filter>Header Files</Filter>
    </ClInclude>
    <ClInclude Include="Dependencies\glm\gtx\exterior_product.hpp">
      <Filter>Header Files</Filter>
    </ClInclude>
    <ClInclude Include="Dependencies\glm\gtx\fast_exponential.hpp">
      <Filter>Header Files</Filter>
    </ClInclude>
    <ClInclude Include="Dependencies\glm\gtx\fast_square_root.hpp">
      <Filter>Header Files</Filter>
    </ClInclude>
    <ClInclude Include="Dependencies\glm\gtx\fast_trigonometry.hpp">
      <Filter>Header Files</Filter>
    </ClInclude>
    <ClInclude Include="Dependencies\glm\gtx\functions.hpp">
      <Filter>Header Files</Filter>
    </ClInclude>
    <ClInclude Include="Dependencies\glm\gtx\gradient_paint.hpp">
      <Filter>Header Files</Filter>
    </ClInclude>
    <ClInclude Include="Dependencies\glm\gtx\handed_coordinate_space.hpp">
      <Filter>Header Files</Filter>
    </ClInclude>
    <ClInclude Include="Dependencies\glm\gtx\hash.hpp">
      <Filter>Header Files</Filter>
    </ClInclude>
    <ClInclude Include="Dependencies\glm\gtx\integer.hpp">
      <Filter>Header Files</Filter>
    </ClInclude>
    <ClInclude Include="Dependencies\glm\gtx\intersect.hpp">
      <Filter>Header Files</Filter>
    </ClInclude>
    <ClInclude Include="Dependencies\glm\gtx\io.hpp">
      <Filter>Header Files</Filter>
    </ClInclude>
    <ClInclude Include="Dependencies\glm\gtx\log_base.hpp">
      <Filter>Header Files</Filter>
    </ClInclude>
    <ClInclude Include="Dependencies\glm\gtx\matrix_cross_product.hpp">
      <Filter>Header Files</Filter>
    </ClInclude>
    <ClInclude Include="Dependencies\glm\gtx\matrix_decompose.hpp">
      <Filter>Header Files</Filter>
    </ClInclude>
    <ClInclude Include="Dependencies\glm\gtx\matrix_factorisation.hpp">
      <Filter>Header Files</Filter>
    </ClInclude>
    <ClInclude Include="Dependencies\glm\gtx\matrix_interpolation.hpp">
      <Filter>Header Files</Filter>
    </ClInclude>
    <ClInclude Include="Dependencies\glm\gtx\matrix_major_storage.hpp">
      <Filter>Header Files</Filter>
    </ClInclude>
    <ClInclude Include="Dependencies\glm\gtx\matrix_operation.hpp">
      <Filter>Header Files</Filter>
    </ClInclude>
    <ClInclude Include="Dependencies\glm\gtx\matrix_query.hpp">
      <Filter>Header Files</Filter>
    </ClInclude>
    <ClInclude Include="Dependencies\glm\gtx\matrix_transform_2d.hpp">
      <Filter>Header Files</Filter>
    </ClInclude>
    <ClInclude Include="Dependencies\glm\gtx\mixed_product.hpp">
      <Filter>Header Files</Filter>
    </ClInclude>
    <ClInclude Include="Dependencies\glm\gtx\norm.hpp">
      <Filter>Header Files</Filter>
    </ClInclude>
    <ClInclude Include="Dependencies\glm\gtx\normal.hpp">
      <Filter>Header Files</Filter>
    </ClInclude>
    <ClInclude Include="Dependencies\glm\gtx\normalize_dot.hpp">
      <Filter>Header Files</Filter>
    </ClInclude>
    <ClInclude Include="Dependencies\glm\gtx\number_precision.hpp">
      <Filter>Header Files</Filter>
    </ClInclude>
    <ClInclude Include="Dependencies\glm\gtx\optimum_pow.hpp">
      <Filter>Header Files</Filter>
    </ClInclude>
    <ClInclude Include="Dependencies\glm\gtx\orthonormalize.hpp">
      <Filter>Header Files</Filter>
    </ClInclude>
    <ClInclude Include="Dependencies\glm\gtx\perpendicular.hpp">
      <Filter>Header Files</Filter>
    </ClInclude>
    <ClInclude Include="Dependencies\glm\gtx\polar_coordinates.hpp">
      <Filter>Header Files</Filter>
    </ClInclude>
    <ClInclude Include="Dependencies\glm\gtx\projection.hpp">
      <Filter>Header Files</Filter>
    </ClInclude>
    <ClInclude Include="Dependencies\glm\gtx\quaternion.hpp">
      <Filter>Header Files</Filter>
    </ClInclude>
    <ClInclude Include="Dependencies\glm\gtx\range.hpp">
      <Filter>Header Files</Filter>
    </ClInclude>
    <ClInclude Include="Dependencies\glm\gtx\raw_data.hpp">
      <Filter>Header Files</Filter>
    </ClInclude>
    <ClInclude Include="Dependencies\glm\gtx\rotate_normalized_axis.hpp">
      <Filter>Header Files</Filter>
    </ClInclude>
    <ClInclude Include="Dependencies\glm\gtx\rotate_vector.hpp">
      <Filter>Header Files</Filter>
    </ClInclude>
    <ClInclude Include="Dependencies\glm\gtx\scalar_multiplication.hpp">
      <Filter>Header Files</Filter>
    </ClInclude>
    <ClInclude Include="Dependencies\glm\gtx\scalar_relational.hpp">
      <Filter>Header Files</Filter>
    </ClInclude>
    <ClInclude Include="Dependencies\glm\gtx\spline.hpp">
      <Filter>Header Files</Filter>
    </ClInclude>
    <ClInclude Include="Dependencies\glm\gtx\std_based_type.hpp">
      <Filter>Header Files</Filter>
    </ClInclude>
    <ClInclude Include="Dependencies\glm\gtx\string_cast.hpp">
      <Filter>Header Files</Filter>
    </ClInclude>
    <ClInclude Include="Dependencies\glm\gtx\texture.hpp">
      <Filter>Header Files</Filter>
    </ClInclude>
    <ClInclude Include="Dependencies\glm\gtx\transform.hpp">
      <Filter>Header Files</Filter>
    </ClInclude>
    <ClInclude Include="Dependencies\glm\gtx\transform2.hpp">
      <Filter>Header Files</Filter>
    </ClInclude>
    <ClInclude Include="Dependencies\glm\gtx\type_aligned.hpp">
      <Filter>Header Files</Filter>
    </ClInclude>
    <ClInclude Include="Dependencies\glm\gtx\type_trait.hpp">
      <Filter>Header Files</Filter>
    </ClInclude>
    <ClInclude Include="Dependencies\glm\gtx\vec_swizzle.hpp">
      <Filter>Header Files</Filter>
    </ClInclude>
    <ClInclude Include="Dependencies\glm\gtx\vector_angle.hpp">
      <Filter>Header Files</Filter>
    </ClInclude>
    <ClInclude Include="Dependencies\glm\gtx\vector_query.hpp">
      <Filter>Header Files</Filter>
    </ClInclude>
    <ClInclude Include="Dependencies\glm\gtx\wrap.hpp">
      <Filter>Header Files</Filter>
    </ClInclude>
    <ClInclude Include="Dependencies\glm\simd\common.h">
      <Filter>Header Files</Filter>
    </ClInclude>
    <ClInclude Include="Dependencies\glm\simd\exponential.h">
      <Filter>Header Files</Filter>
    </ClInclude>
    <ClInclude Include="Dependencies\glm\simd\geometric.h">
      <Filter>Header Files</Filter>
    </ClInclude>
    <ClInclude Include="Dependencies\glm\simd\integer.h">
      <Filter>Header Files</Filter>
    </ClInclude>
    <ClInclude Include="Dependencies\glm\simd\matrix.h">
      <Filter>Header Files</Filter>
    </ClInclude>
    <ClInclude Include="Dependencies\glm\simd\neon.h">
      <Filter>Header Files</Filter>
    </ClInclude>
    <ClInclude Include="Dependencies\glm\simd\packing.h">
      <Filter>Header Files</Filter>
    </ClInclude>
    <ClInclude Include="Dependencies\glm\simd\platform.h">
      <Filter>Header Files</Filter>
    </ClInclude>
    <ClInclude Include="Dependencies\glm\simd\trigonometric.h">
      <Filter>Header Files</Filter>
    </ClInclude>
    <ClInclude Include="Dependencies\glm\simd\vector_relational.h">
      <Filter>Header Files</Filter>
    </ClInclude>
    <ClInclude Include="Dependencies\glm\common.hpp">
      <Filter>Header Files</Filter>
    </ClInclude>
    <ClInclude Include="Dependencies\glm\exponential.hpp">
      <Filter>Header Files</Filter>
    </ClInclude>
    <ClInclude Include="Dependencies\glm\ext.hpp">
      <Filter>Header Files</Filter>
    </ClInclude>
    <ClInclude Include="Dependencies\glm\fwd.hpp">
      <Filter>Header Files</Filter>
    </ClInclude>
    <ClInclude Include="Dependencies\glm\geometric.hpp">
      <Filter>Header Files</Filter>
    </ClInclude>
    <ClInclude Include="Dependencies\glm\glm.hpp">
      <Filter>Header Files</Filter>
    </ClInclude>
    <ClInclude Include="Dependencies\glm\integer.hpp">
      <Filter>Header Files</Filter>
    </ClInclude>
    <ClInclude Include="Dependencies\glm\mat2x2.hpp">
      <Filter>Header Files</Filter>
    </ClInclude>
    <ClInclude Include="Dependencies\glm\mat2x3.hpp">
      <Filter>Header Files</Filter>
    </ClInclude>
    <ClInclude Include="Dependencies\glm\mat2x4.hpp">
      <Filter>Header Files</Filter>
    </ClInclude>
    <ClInclude Include="Dependencies\glm\mat3x2.hpp">
      <Filter>Header Files</Filter>
    </ClInclude>
    <ClInclude Include="Dependencies\glm\mat3x3.hpp">
      <Filter>Header Files</Filter>
    </ClInclude>
    <ClInclude Include="Dependencies\glm\mat3x4.hpp">
      <Filter>Header Files</Filter>
    </ClInclude>
    <ClInclude Include="Dependencies\glm\mat4x2.hpp">
      <Filter>Header Files</Filter>
    </ClInclude>
    <ClInclude Include="Dependencies\glm\mat4x3.hpp">
      <Filter>Header Files</Filter>
    </ClInclude>
    <ClInclude Include="Dependencies\glm\mat4x4.hpp">
      <Filter>Header Files</Filter>
    </ClInclude>
    <ClInclude Include="Dependencies\glm\matrix.hpp">
      <Filter>Header Files</Filter>
    </ClInclude>
    <ClInclude Include="Dependencies\glm\packing.hpp">
      <Filter>Header Files</Filter>
    </ClInclude>
    <ClInclude Include="Dependencies\glm\trigonometric.hpp">
      <Filter>Header Files</Filter>
    </ClInclude>
    <ClInclude Include="Dependencies\glm\vec2.hpp">
      <Filter>Header Files</Filter>
    </ClInclude>
    <ClInclude Include="Dependencies\glm\vec3.hpp">
      <Filter>Header Files</Filter>
    </ClInclude>
    <ClInclude Include="Dependencies\glm\vec4.hpp">
      <Filter>Header Files</Filter>
    </ClInclude>
    <ClInclude Include="Dependencies\glm\vector_relational.hpp">
      <Filter>Header Files</Filter>
    </ClInclude>
    <ClInclude Include="imgui\imgui_impl_win32.h">
      <Filter>Header Files</Filter>
    </ClInclude>
    <ClInclude Include="src\Components\Component.h">
      <Filter>Header Files</Filter>
    </ClInclude>
    <ClInclude Include="src\Components\Mesh.h">
      <Filter>Header Files</Filter>
    </ClInclude>
    <ClInclude Include="src\Components\Transform.h">
      <Filter>Header Files</Filter>
    </ClInclude>
    <ClInclude Include="src\Components\Entity.h">
      <Filter>Header Files</Filter>
    </ClInclude>
    <ClInclude Include="src\Camera.h">
      <Filter>Header Files</Filter>
    </ClInclude>
    <ClInclude Include="src\Engine.h">
      <Filter>Header Files</Filter>
    </ClInclude>
    <ClInclude Include="src\Shader.h">
      <Filter>Header Files</Filter>
    </ClInclude>
    <ClInclude Include="src\Tools.h">
      <Filter>Header Files</Filter>
    </ClInclude>
    <ClInclude Include="Dependencies\GL\freeglut.h">
      <Filter>Header Files</Filter>
    </ClInclude>
    <ClInclude Include="Dependencies\GL\freeglut_ext.h">
      <Filter>Header Files</Filter>
    </ClInclude>
    <ClInclude Include="Dependencies\GL\freeglut_std.h">
      <Filter>Header Files</Filter>
    </ClInclude>
    <ClInclude Include="Dependencies\GL\freeglut_ucall.h">
      <Filter>Header Files</Filter>
    </ClInclude>
    <ClInclude Include="Dependencies\GL\glut.h">
      <Filter>Header Files</Filter>
    </ClInclude>
    <ClInclude Include="Dependencies\gizmos\GraphEditor.h">
      <Filter>Header Files</Filter>
    </ClInclude>
    <ClInclude Include="Dependencies\gizmos\ImCurveEdit.h">
      <Filter>Header Files</Filter>
    </ClInclude>
    <ClInclude Include="Dependencies\gizmos\ImGradient.h">
      <Filter>Header Files</Filter>
    </ClInclude>
    <ClInclude Include="Dependencies\gizmos\ImGuizmo.h">
      <Filter>Header Files</Filter>
    </ClInclude>
    <ClInclude Include="Dependencies\gizmos\ImSequencer.h">
      <Filter>Header Files</Filter>
    </ClInclude>
    <ClInclude Include="Dependencies\gizmos\ImZoomSlider.h">
      <Filter>Header Files</Filter>
    </ClInclude>
    <ClInclude Include="imgui\filedialog\ImGuiFileDialog.h">
      <Filter>Header Files</Filter>
    </ClInclude>
    <ClInclude Include="imgui\filedialog\ImGuiFileDialogConfig.h">
      <Filter>Header Files</Filter>
    </ClInclude>
    <ClInclude Include="Dependencies\FBXImport\include\FBX\Decoder.h">
      <Filter>Header Files</Filter>
    </ClInclude>
    <ClInclude Include="Dependencies\FBXImport\include\FBX\Face.h">
      <Filter>Header Files</Filter>
    </ClInclude>
    <ClInclude Include="Dependencies\FBXImport\include\FBX\FBXImport.h">
      <Filter>Header Files</Filter>
    </ClInclude>
    <ClInclude Include="Dependencies\FBXImport\include\FBX\Material.h">
      <Filter>Header Files</Filter>
    </ClInclude>
    <ClInclude Include="Dependencies\FBXImport\include\FBX\Mesh.h">
      <Filter>Header Files</Filter>
    </ClInclude>
    <ClInclude Include="Dependencies\FBXImport\include\FBX\Model.h">
      <Filter>Header Files</Filter>
    </ClInclude>
    <ClInclude Include="Dependencies\FBXImport\include\FBX\Node.h">
      <Filter>Header Files</Filter>
    </ClInclude>
    <ClInclude Include="Dependencies\FBXImport\include\FBX\Object.h">
      <Filter>Header Files</Filter>
    </ClInclude>
    <ClInclude Include="Dependencies\FBXImport\include\FBX\Parser.h">
      <Filter>Header Files</Filter>
    </ClInclude>
    <ClInclude Include="Dependencies\FBXImport\include\FBX\Process.h">
      <Filter>Header Files</Filter>
    </ClInclude>
    <ClInclude Include="Dependencies\FBXImport\include\FBX\Scene.h">
      <Filter>Header Files</Filter>
    </ClInclude>
    <ClInclude Include="Dependencies\FBXImport\include\FBX\Settings.h">
      <Filter>Header Files</Filter>
    </ClInclude>
    <ClInclude Include="Dependencies\FBXImport\include\FBX\Span.h">
      <Filter>Header Files</Filter>
    </ClInclude>
    <ClInclude Include="Dependencies\FBXImport\include\FBX\Stream.h">
      <Filter>Header Files</Filter>
    </ClInclude>
    <ClInclude Include="Dependencies\FBXImport\include\FBX\Texture.h">
      <Filter>Header Files</Filter>
    </ClInclude>
    <ClInclude Include="Dependencies\FBXImport\include\FBX\TriangulateProcess.h">
      <Filter>Header Files</Filter>
    </ClInclude>
    <ClInclude Include="Dependencies\FBXImport\include\FBX\Util.h">
      <Filter>Header Files</Filter>
    </ClInclude>
    <ClInclude Include="Dependencies\FBXImport\include\FBX\Vector2.h">
      <Filter>Header Files</Filter>
    </ClInclude>
    <ClInclude Include="Dependencies\FBXImport\include\FBX\Vector3.h">
      <Filter>Header Files</Filter>
    </ClInclude>
    <ClInclude Include="src\Components\Light.h">
      <Filter>Header Files</Filter>
    </ClInclude>
    <ClInclude Include="imgui\filedialog\dirent\dirent.h">
      <Filter>Header Files</Filter>
    </ClInclude>
    <ClInclude Include="src\Bounds.h">
      <Filter>Header Files</Filter>
    </ClInclude>
    <ClInclude Include="src\Ray.h">
      <Filter>Header Files</Filter>
    </ClInclude>
    <ClInclude Include="src\Physics.h">
      <Filter>Header Files</Filter>
    </ClInclude>
    <ClInclude Include="src\LightMapper.h">
      <Filter>Header Files</Filter>
    </ClInclude>
    <ClInclude Include="Dependencies\Icons\IconsCodicons.h">
      <Filter>Header Files</Filter>
    </ClInclude>
    <ClInclude Include="Dependencies\Icons\IconsFontaudio.h">
      <Filter>Header Files</Filter>
    </ClInclude>
    <ClInclude Include="Dependencies\Icons\IconsFontAwesome4.h">
      <Filter>Header Files</Filter>
    </ClInclude>
    <ClInclude Include="Dependencies\Icons\IconsFontAwesome5.h">
      <Filter>Header Files</Filter>
    </ClInclude>
    <ClInclude Include="Dependencies\Icons\IconsFontAwesome5Brands.h">
      <Filter>Header Files</Filter>
    </ClInclude>
    <ClInclude Include="Dependencies\Icons\IconsFontAwesome5Pro.h">
      <Filter>Header Files</Filter>
    </ClInclude>
    <ClInclude Include="Dependencies\Icons\IconsFontAwesome5ProBrands.h">
      <Filter>Header Files</Filter>
    </ClInclude>
    <ClInclude Include="Dependencies\Icons\IconsFontAwesome6.h">
      <Filter>Header Files</Filter>
    </ClInclude>
    <ClInclude Include="Dependencies\Icons\IconsFontAwesome6Brands.h">
      <Filter>Header Files</Filter>
    </ClInclude>
    <ClInclude Include="Dependencies\Icons\IconsForkAwesome.h">
      <Filter>Header Files</Filter>
    </ClInclude>
    <ClInclude Include="Dependencies\Icons\IconsKenney.h">
      <Filter>Header Files</Filter>
    </ClInclude>
    <ClInclude Include="Dependencies\Icons\IconsMaterialDesign.h">
      <Filter>Header Files</Filter>
    </ClInclude>
    <ClInclude Include="Dependencies\Icons\IconsMaterialDesignIcons.h">
      <Filter>Header Files</Filter>
    </ClInclude>
    <ClInclude Include="Dependencies\images\stb_image.h">
      <Filter>Header Files</Filter>
    </ClInclude>
    <ClInclude Include="Dependencies\yaml\include\contrib\anchordict.h">
      <Filter>Header Files</Filter>
    </ClInclude>
    <ClInclude Include="Dependencies\yaml\include\contrib\graphbuilder.h">
      <Filter>Header Files</Filter>
    </ClInclude>
    <ClInclude Include="Dependencies\yaml\include\node\detail\impl.h">
      <Filter>Header Files</Filter>
    </ClInclude>
    <ClInclude Include="Dependencies\yaml\include\node\detail\iterator.h">
      <Filter>Header Files</Filter>
    </ClInclude>
    <ClInclude Include="Dependencies\yaml\include\node\detail\iterator_fwd.h">
      <Filter>Header Files</Filter>
    </ClInclude>
    <ClInclude Include="Dependencies\yaml\include\node\detail\memory.h">
      <Filter>Header Files</Filter>
    </ClInclude>
    <ClInclude Include="Dependencies\yaml\include\node\detail\node.h">
      <Filter>Header Files</Filter>
    </ClInclude>
    <ClInclude Include="Dependencies\yaml\include\node\detail\node_data.h">
      <Filter>Header Files</Filter>
    </ClInclude>
    <ClInclude Include="Dependencies\yaml\include\node\detail\node_iterator.h">
      <Filter>Header Files</Filter>
    </ClInclude>
    <ClInclude Include="Dependencies\yaml\include\node\detail\node_ref.h">
      <Filter>Header Files</Filter>
    </ClInclude>
    <ClInclude Include="Dependencies\yaml\include\node\convert.h">
      <Filter>Header Files</Filter>
    </ClInclude>
    <ClInclude Include="Dependencies\yaml\include\node\emit.h">
      <Filter>Header Files</Filter>
    </ClInclude>
    <ClInclude Include="Dependencies\yaml\include\node\impl.h">
      <Filter>Header Files</Filter>
    </ClInclude>
    <ClInclude Include="Dependencies\yaml\include\node\iterator.h">
      <Filter>Header Files</Filter>
    </ClInclude>
    <ClInclude Include="Dependencies\yaml\include\node\node.h">
      <Filter>Header Files</Filter>
    </ClInclude>
    <ClInclude Include="Dependencies\yaml\include\node\parse.h">
      <Filter>Header Files</Filter>
    </ClInclude>
    <ClInclude Include="Dependencies\yaml\include\node\ptr.h">
      <Filter>Header Files</Filter>
    </ClInclude>
    <ClInclude Include="Dependencies\yaml\include\node\type.h">
      <Filter>Header Files</Filter>
    </ClInclude>
    <ClInclude Include="Dependencies\yaml\src\ryml.hpp">
      <Filter>Header Files</Filter>
    </ClInclude>
    <ClInclude Include="Dependencies\yaml\src\ryml_std.hpp">
      <Filter>Header Files</Filter>
    </ClInclude>
    <ClInclude Include="Dependencies\yaml\src\contrib\graphbuilderadapter.h">
      <Filter>Header Files</Filter>
    </ClInclude>
    <ClInclude Include="Dependencies\yaml\src\collectionstack.h">
      <Filter>Header Files</Filter>
    </ClInclude>
    <ClInclude Include="Dependencies\yaml\src\directives.h">
      <Filter>Header Files</Filter>
    </ClInclude>
    <ClInclude Include="Dependencies\yaml\src\emitterstate.h">
      <Filter>Header Files</Filter>
    </ClInclude>
    <ClInclude Include="Dependencies\yaml\src\emitterutils.h">
      <Filter>Header Files</Filter>
    </ClInclude>
    <ClInclude Include="Dependencies\yaml\src\exp.h">
      <Filter>Header Files</Filter>
    </ClInclude>
    <ClInclude Include="Dependencies\yaml\src\indentation.h">
      <Filter>Header Files</Filter>
    </ClInclude>
    <ClInclude Include="Dependencies\yaml\src\nodebuilder.h">
      <Filter>Header Files</Filter>
    </ClInclude>
    <ClInclude Include="Dependencies\yaml\src\nodeevents.h">
      <Filter>Header Files</Filter>
    </ClInclude>
    <ClInclude Include="Dependencies\yaml\src\ptr_vector.h">
      <Filter>Header Files</Filter>
    </ClInclude>
    <ClInclude Include="Dependencies\yaml\src\regex_yaml.h">
      <Filter>Header Files</Filter>
    </ClInclude>
    <ClInclude Include="Dependencies\yaml\src\regeximpl.h">
      <Filter>Header Files</Filter>
    </ClInclude>
    <ClInclude Include="Dependencies\yaml\src\scanner.h">
      <Filter>Header Files</Filter>
    </ClInclude>
    <ClInclude Include="Dependencies\yaml\src\scanscalar.h">
      <Filter>Header Files</Filter>
    </ClInclude>
    <ClInclude Include="Dependencies\yaml\src\scantag.h">
      <Filter>Header Files</Filter>
    </ClInclude>
    <ClInclude Include="Dependencies\yaml\src\setting.h">
      <Filter>Header Files</Filter>
    </ClInclude>
    <ClInclude Include="Dependencies\yaml\src\singledocparser.h">
      <Filter>Header Files</Filter>
    </ClInclude>
    <ClInclude Include="Dependencies\yaml\src\stream.h">
      <Filter>Header Files</Filter>
    </ClInclude>
    <ClInclude Include="Dependencies\yaml\src\streamcharsource.h">
      <Filter>Header Files</Filter>
    </ClInclude>
    <ClInclude Include="Dependencies\yaml\src\stringsource.h">
      <Filter>Header Files</Filter>
    </ClInclude>
    <ClInclude Include="Dependencies\yaml\src\tag.h">
      <Filter>Header Files</Filter>
    </ClInclude>
    <ClInclude Include="Dependencies\yaml\src\token.h">
      <Filter>Header Files</Filter>
    </ClInclude>
    <ClInclude Include="Dependencies\yaml\include\yaml-cpp\contrib\anchordict.h">
      <Filter>Header Files</Filter>
    </ClInclude>
    <ClInclude Include="Dependencies\yaml\include\yaml-cpp\contrib\graphbuilder.h">
      <Filter>Header Files</Filter>
    </ClInclude>
    <ClInclude Include="Dependencies\yaml\include\yaml-cpp\node\detail\impl.h">
      <Filter>Header Files</Filter>
    </ClInclude>
    <ClInclude Include="Dependencies\yaml\include\yaml-cpp\node\detail\iterator.h">
      <Filter>Header Files</Filter>
    </ClInclude>
    <ClInclude Include="Dependencies\yaml\include\yaml-cpp\node\detail\iterator_fwd.h">
      <Filter>Header Files</Filter>
    </ClInclude>
    <ClInclude Include="Dependencies\yaml\include\yaml-cpp\node\detail\memory.h">
      <Filter>Header Files</Filter>
    </ClInclude>
    <ClInclude Include="Dependencies\yaml\include\yaml-cpp\node\detail\node.h">
      <Filter>Header Files</Filter>
    </ClInclude>
    <ClInclude Include="Dependencies\yaml\include\yaml-cpp\node\detail\node_data.h">
      <Filter>Header Files</Filter>
    </ClInclude>
    <ClInclude Include="Dependencies\yaml\include\yaml-cpp\node\detail\node_iterator.h">
      <Filter>Header Files</Filter>
    </ClInclude>
    <ClInclude Include="Dependencies\yaml\include\yaml-cpp\node\detail\node_ref.h">
      <Filter>Header Files</Filter>
    </ClInclude>
    <ClInclude Include="Dependencies\yaml\include\yaml-cpp\node\convert.h">
      <Filter>Header Files</Filter>
    </ClInclude>
    <ClInclude Include="Dependencies\yaml\include\yaml-cpp\node\emit.h">
      <Filter>Header Files</Filter>
    </ClInclude>
    <ClInclude Include="Dependencies\yaml\include\yaml-cpp\node\impl.h">
      <Filter>Header Files</Filter>
    </ClInclude>
    <ClInclude Include="Dependencies\yaml\include\yaml-cpp\node\iterator.h">
      <Filter>Header Files</Filter>
    </ClInclude>
    <ClInclude Include="Dependencies\yaml\include\yaml-cpp\node\node.h">
      <Filter>Header Files</Filter>
    </ClInclude>
    <ClInclude Include="Dependencies\yaml\include\yaml-cpp\node\parse.h">
      <Filter>Header Files</Filter>
    </ClInclude>
    <ClInclude Include="Dependencies\yaml\include\yaml-cpp\node\ptr.h">
      <Filter>Header Files</Filter>
    </ClInclude>
    <ClInclude Include="Dependencies\yaml\include\yaml-cpp\node\type.h">
      <Filter>Header Files</Filter>
    </ClInclude>
    <ClInclude Include="Dependencies\yaml\include\yaml-cpp\anchor.h">
      <Filter>Header Files</Filter>
    </ClInclude>
    <ClInclude Include="Dependencies\yaml\include\yaml-cpp\binary.h">
      <Filter>Header Files</Filter>
    </ClInclude>
    <ClInclude Include="Dependencies\yaml\include\yaml-cpp\depthguard.h">
      <Filter>Header Files</Filter>
    </ClInclude>
    <ClInclude Include="Dependencies\yaml\include\yaml-cpp\dll.h">
      <Filter>Header Files</Filter>
    </ClInclude>
    <ClInclude Include="Dependencies\yaml\include\yaml-cpp\emitfromevents.h">
      <Filter>Header Files</Filter>
    </ClInclude>
    <ClInclude Include="Dependencies\yaml\include\yaml-cpp\emitter.h">
      <Filter>Header Files</Filter>
    </ClInclude>
    <ClInclude Include="Dependencies\yaml\include\yaml-cpp\emitterdef.h">
      <Filter>Header Files</Filter>
    </ClInclude>
    <ClInclude Include="Dependencies\yaml\include\yaml-cpp\emittermanip.h">
      <Filter>Header Files</Filter>
    </ClInclude>
    <ClInclude Include="Dependencies\yaml\include\yaml-cpp\emitterstyle.h">
      <Filter>Header Files</Filter>
    </ClInclude>
    <ClInclude Include="Dependencies\yaml\include\yaml-cpp\eventhandler.h">
      <Filter>Header Files</Filter>
    </ClInclude>
    <ClInclude Include="Dependencies\yaml\include\yaml-cpp\exceptions.h">
      <Filter>Header Files</Filter>
    </ClInclude>
    <ClInclude Include="Dependencies\yaml\include\yaml-cpp\mark.h">
      <Filter>Header Files</Filter>
    </ClInclude>
    <ClInclude Include="Dependencies\yaml\include\yaml-cpp\noexcept.h">
      <Filter>Header Files</Filter>
    </ClInclude>
    <ClInclude Include="Dependencies\yaml\include\yaml-cpp\null.h">
      <Filter>Header Files</Filter>
    </ClInclude>
    <ClInclude Include="Dependencies\yaml\include\yaml-cpp\ostream_wrapper.h">
      <Filter>Header Files</Filter>
    </ClInclude>
    <ClInclude Include="Dependencies\yaml\include\yaml-cpp\parser.h">
      <Filter>Header Files</Filter>
    </ClInclude>
    <ClInclude Include="Dependencies\yaml\include\yaml-cpp\stlemitter.h">
      <Filter>Header Files</Filter>
    </ClInclude>
    <ClInclude Include="Dependencies\yaml\include\yaml-cpp\traits.h">
      <Filter>Header Files</Filter>
    </ClInclude>
    <ClInclude Include="Dependencies\yaml\include\yaml-cpp\yaml.h">
      <Filter>Header Files</Filter>
    </ClInclude>
    <ClInclude Include="src\Texture.h">
      <Filter>Header Files</Filter>
    </ClInclude>
    <ClInclude Include="src\Material.h">
      <Filter>Header Files</Filter>
    </ClInclude>
    <ClInclude Include="src\PostProcess.h">
      <Filter>Header Files</Filter>
    </ClInclude>
    <ClInclude Include="Dependencies\assimp\Compiler\poppack1.h">
      <Filter>Header Files</Filter>
    </ClInclude>
    <ClInclude Include="Dependencies\assimp\Compiler\pstdint.h">
      <Filter>Header Files</Filter>
    </ClInclude>
    <ClInclude Include="Dependencies\assimp\Compiler\pushpack1.h">
      <Filter>Header Files</Filter>
    </ClInclude>
    <ClInclude Include="Dependencies\assimp\port\AndroidJNI\AndroidJNIIOSystem.h">
      <Filter>Header Files</Filter>
    </ClInclude>
    <ClInclude Include="Dependencies\assimp\port\AndroidJNI\BundledAssetIOSystem.h">
      <Filter>Header Files</Filter>
    </ClInclude>
    <ClInclude Include="Dependencies\assimp\aabb.h">
      <Filter>Header Files</Filter>
    </ClInclude>
    <ClInclude Include="Dependencies\assimp\ai_assert.h">
      <Filter>Header Files</Filter>
    </ClInclude>
    <ClInclude Include="Dependencies\assimp\anim.h">
      <Filter>Header Files</Filter>
    </ClInclude>
    <ClInclude Include="Dependencies\assimp\AssertHandler.h">
      <Filter>Header Files</Filter>
    </ClInclude>
    <ClInclude Include="Dependencies\assimp\Base64.hpp">
      <Filter>Header Files</Filter>
    </ClInclude>
    <ClInclude Include="Dependencies\assimp\BaseImporter.h">
      <Filter>Header Files</Filter>
    </ClInclude>
    <ClInclude Include="Dependencies\assimp\Bitmap.h">
      <Filter>Header Files</Filter>
    </ClInclude>
    <ClInclude Include="Dependencies\assimp\BlobIOSystem.h">
      <Filter>Header Files</Filter>
    </ClInclude>
    <ClInclude Include="Dependencies\assimp\ByteSwapper.h">
      <Filter>Header Files</Filter>
    </ClInclude>
    <ClInclude Include="Dependencies\assimp\camera.h">
      <Filter>Header Files</Filter>
    </ClInclude>
    <ClInclude Include="Dependencies\assimp\cexport.h">
      <Filter>Header Files</Filter>
    </ClInclude>
    <ClInclude Include="Dependencies\assimp\cfileio.h">
      <Filter>Header Files</Filter>
    </ClInclude>
    <ClInclude Include="Dependencies\assimp\cimport.h">
      <Filter>Header Files</Filter>
    </ClInclude>
    <ClInclude Include="Dependencies\assimp\ColladaMetaData.h">
      <Filter>Header Files</Filter>
    </ClInclude>
    <ClInclude Include="Dependencies\assimp\color4.h">
      <Filter>Header Files</Filter>
    </ClInclude>
    <ClInclude Include="Dependencies\assimp\commonMetaData.h">
      <Filter>Header Files</Filter>
    </ClInclude>
    <ClInclude Include="Dependencies\assimp\config.h">
      <Filter>Header Files</Filter>
    </ClInclude>
    <ClInclude Include="Dependencies\assimp\CreateAnimMesh.h">
      <Filter>Header Files</Filter>
    </ClInclude>
    <ClInclude Include="Dependencies\assimp\DefaultIOStream.h">
      <Filter>Header Files</Filter>
    </ClInclude>
    <ClInclude Include="Dependencies\assimp\DefaultIOSystem.h">
      <Filter>Header Files</Filter>
    </ClInclude>
    <ClInclude Include="Dependencies\assimp\DefaultLogger.hpp">
      <Filter>Header Files</Filter>
    </ClInclude>
    <ClInclude Include="Dependencies\assimp\defs.h">
      <Filter>Header Files</Filter>
    </ClInclude>
    <ClInclude Include="Dependencies\assimp\Exceptional.h">
      <Filter>Header Files</Filter>
    </ClInclude>
    <ClInclude Include="Dependencies\assimp\Exporter.hpp">
      <Filter>Header Files</Filter>
    </ClInclude>
    <ClInclude Include="Dependencies\assimp\fast_atof.h">
      <Filter>Header Files</Filter>
    </ClInclude>
    <ClInclude Include="Dependencies\assimp\GenericProperty.h">
      <Filter>Header Files</Filter>
    </ClInclude>
    <ClInclude Include="Dependencies\assimp\GltfMaterial.h">
      <Filter>Header Files</Filter>
    </ClInclude>
    <ClInclude Include="Dependencies\assimp\Hash.h">
      <Filter>Header Files</Filter>
    </ClInclude>
    <ClInclude Include="Dependencies\assimp\Importer.hpp">
      <Filter>Header Files</Filter>
    </ClInclude>
    <ClInclude Include="Dependencies\assimp\importerdesc.h">
      <Filter>Header Files</Filter>
    </ClInclude>
    <ClInclude Include="Dependencies\assimp\IOStream.hpp">
      <Filter>Header Files</Filter>
    </ClInclude>
    <ClInclude Include="Dependencies\assimp\IOStreamBuffer.h">
      <Filter>Header Files</Filter>
    </ClInclude>
    <ClInclude Include="Dependencies\assimp\IOSystem.hpp">
      <Filter>Header Files</Filter>
    </ClInclude>
    <ClInclude Include="Dependencies\assimp\light.h">
      <Filter>Header Files</Filter>
    </ClInclude>
    <ClInclude Include="Dependencies\assimp\LineSplitter.h">
      <Filter>Header Files</Filter>
    </ClInclude>
    <ClInclude Include="Dependencies\assimp\LogAux.h">
      <Filter>Header Files</Filter>
    </ClInclude>
    <ClInclude Include="Dependencies\assimp\Logger.hpp">
      <Filter>Header Files</Filter>
    </ClInclude>
    <ClInclude Include="Dependencies\assimp\LogStream.hpp">
      <Filter>Header Files</Filter>
    </ClInclude>
    <ClInclude Include="Dependencies\assimp\material.h">
      <Filter>Header Files</Filter>
    </ClInclude>
    <ClInclude Include="Dependencies\assimp\MathFunctions.h">
      <Filter>Header Files</Filter>
    </ClInclude>
    <ClInclude Include="Dependencies\assimp\matrix3x3.h">
      <Filter>Header Files</Filter>
    </ClInclude>
    <ClInclude Include="Dependencies\assimp\matrix4x4.h">
      <Filter>Header Files</Filter>
    </ClInclude>
    <ClInclude Include="Dependencies\assimp\MemoryIOWrapper.h">
      <Filter>Header Files</Filter>
    </ClInclude>
    <ClInclude Include="Dependencies\assimp\mesh.h">
      <Filter>Header Files</Filter>
    </ClInclude>
    <ClInclude Include="Dependencies\assimp\metadata.h">
      <Filter>Header Files</Filter>
    </ClInclude>
    <ClInclude Include="Dependencies\assimp\NullLogger.hpp">
      <Filter>Header Files</Filter>
    </ClInclude>
    <ClInclude Include="Dependencies\assimp\ObjMaterial.h">
      <Filter>Header Files</Filter>
    </ClInclude>
    <ClInclude Include="Dependencies\assimp\ParsingUtils.h">
      <Filter>Header Files</Filter>
    </ClInclude>
    <ClInclude Include="Dependencies\assimp\pbrmaterial.h">
      <Filter>Header Files</Filter>
    </ClInclude>
    <ClInclude Include="Dependencies\assimp\postprocess.h">
      <Filter>Header Files</Filter>
    </ClInclude>
    <ClInclude Include="Dependencies\assimp\Profiler.h">
      <Filter>Header Files</Filter>
    </ClInclude>
    <ClInclude Include="Dependencies\assimp\ProgressHandler.hpp">
      <Filter>Header Files</Filter>
    </ClInclude>
    <ClInclude Include="Dependencies\assimp\qnan.h">
      <Filter>Header Files</Filter>
    </ClInclude>
    <ClInclude Include="Dependencies\assimp\quaternion.h">
      <Filter>Header Files</Filter>
    </ClInclude>
    <ClInclude Include="Dependencies\assimp\RemoveComments.h">
      <Filter>Header Files</Filter>
    </ClInclude>
    <ClInclude Include="Dependencies\assimp\scene.h">
      <Filter>Header Files</Filter>
    </ClInclude>
    <ClInclude Include="Dependencies\assimp\SceneCombiner.h">
      <Filter>Header Files</Filter>
    </ClInclude>
    <ClInclude Include="Dependencies\assimp\SGSpatialSort.h">
      <Filter>Header Files</Filter>
    </ClInclude>
    <ClInclude Include="Dependencies\assimp\SkeletonMeshBuilder.h">
      <Filter>Header Files</Filter>
    </ClInclude>
    <ClInclude Include="Dependencies\assimp\SmallVector.h">
      <Filter>Header Files</Filter>
    </ClInclude>
    <ClInclude Include="Dependencies\assimp\SmoothingGroups.h">
      <Filter>Header Files</Filter>
    </ClInclude>
    <ClInclude Include="Dependencies\assimp\SpatialSort.h">
      <Filter>Header Files</Filter>
    </ClInclude>
    <ClInclude Include="Dependencies\assimp\StandardShapes.h">
      <Filter>Header Files</Filter>
    </ClInclude>
    <ClInclude Include="Dependencies\assimp\StreamReader.h">
      <Filter>Header Files</Filter>
    </ClInclude>
    <ClInclude Include="Dependencies\assimp\StreamWriter.h">
      <Filter>Header Files</Filter>
    </ClInclude>
    <ClInclude Include="Dependencies\assimp\StringComparison.h">
      <Filter>Header Files</Filter>
    </ClInclude>
    <ClInclude Include="Dependencies\assimp\StringUtils.h">
      <Filter>Header Files</Filter>
    </ClInclude>
    <ClInclude Include="Dependencies\assimp\Subdivision.h">
      <Filter>Header Files</Filter>
    </ClInclude>
    <ClInclude Include="Dependencies\assimp\texture.h">
      <Filter>Header Files</Filter>
    </ClInclude>
    <ClInclude Include="Dependencies\assimp\TinyFormatter.h">
      <Filter>Header Files</Filter>
    </ClInclude>
    <ClInclude Include="Dependencies\assimp\types.h">
      <Filter>Header Files</Filter>
    </ClInclude>
    <ClInclude Include="Dependencies\assimp\vector2.h">
      <Filter>Header Files</Filter>
    </ClInclude>
    <ClInclude Include="Dependencies\assimp\vector3.h">
      <Filter>Header Files</Filter>
    </ClInclude>
    <ClInclude Include="Dependencies\assimp\version.h">
      <Filter>Header Files</Filter>
    </ClInclude>
    <ClInclude Include="Dependencies\assimp\Vertex.h">
      <Filter>Header Files</Filter>
    </ClInclude>
    <ClInclude Include="Dependencies\assimp\XmlParser.h">
      <Filter>Header Files</Filter>
    </ClInclude>
    <ClInclude Include="Dependencies\assimp\XMLTools.h">
      <Filter>Header Files</Filter>
    </ClInclude>
    <ClInclude Include="Dependencies\assimp\ZipArchiveIOSystem.h">
      <Filter>Header Files</Filter>
    </ClInclude>
    <ClInclude Include="Dependencies\contrib\utf8cpp\source\utf8\checked.h">
      <Filter>Header Files</Filter>
    </ClInclude>
    <ClInclude Include="Dependencies\contrib\utf8cpp\source\utf8\core.h">
      <Filter>Header Files</Filter>
    </ClInclude>
    <ClInclude Include="Dependencies\contrib\utf8cpp\source\utf8\cpp11.h">
      <Filter>Header Files</Filter>
    </ClInclude>
    <ClInclude Include="Dependencies\contrib\utf8cpp\source\utf8\cpp17.h">
      <Filter>Header Files</Filter>
    </ClInclude>
    <ClInclude Include="Dependencies\contrib\utf8cpp\source\utf8\unchecked.h">
      <Filter>Header Files</Filter>
    </ClInclude>
    <ClInclude Include="Dependencies\contrib\utf8cpp\source\utf8.h">
      <Filter>Header Files</Filter>
    </ClInclude>
    <ClInclude Include="DEPENDENCIES\OBJ_LOADER.H">
      <Filter>Header Files</Filter>
    </ClInclude>
  </ItemGroup>
  <ItemGroup>
    <None Include="Dependencies\GLEW\doc\advanced.html" />
    <None Include="Dependencies\GLEW\doc\basic.html" />
    <None Include="Dependencies\GLEW\doc\build.html" />
    <None Include="Dependencies\GLEW\doc\credits.html" />
    <None Include="Dependencies\GLEW\doc\glew.html" />
    <None Include="Dependencies\GLEW\doc\glxew.html" />
    <None Include="Dependencies\GLEW\doc\index.html" />
    <None Include="Dependencies\GLEW\doc\install.html" />
    <None Include="Dependencies\GLEW\doc\log.html" />
    <None Include="Dependencies\GLEW\doc\wglew.html" />
    <None Include="Dependencies\glm\detail\func_common.inl">
      <Filter>Header Files</Filter>
    </None>
    <None Include="Dependencies\glm\detail\func_common_simd.inl">
      <Filter>Header Files</Filter>
    </None>
    <None Include="Dependencies\glm\detail\func_exponential.inl">
      <Filter>Header Files</Filter>
    </None>
    <None Include="Dependencies\glm\detail\func_exponential_simd.inl">
      <Filter>Header Files</Filter>
    </None>
    <None Include="Dependencies\glm\detail\func_geometric.inl">
      <Filter>Header Files</Filter>
    </None>
    <None Include="Dependencies\glm\detail\func_geometric_simd.inl">
      <Filter>Header Files</Filter>
    </None>
    <None Include="Dependencies\glm\detail\func_integer.inl">
      <Filter>Header Files</Filter>
    </None>
    <None Include="Dependencies\glm\detail\func_integer_simd.inl">
      <Filter>Header Files</Filter>
    </None>
    <None Include="Dependencies\glm\detail\func_matrix.inl">
      <Filter>Header Files</Filter>
    </None>
    <None Include="Dependencies\glm\detail\func_matrix_simd.inl">
      <Filter>Header Files</Filter>
    </None>
    <None Include="Dependencies\glm\detail\func_packing.inl">
      <Filter>Header Files</Filter>
    </None>
    <None Include="Dependencies\glm\detail\func_packing_simd.inl">
      <Filter>Header Files</Filter>
    </None>
    <None Include="Dependencies\glm\detail\func_trigonometric.inl">
      <Filter>Header Files</Filter>
    </None>
    <None Include="Dependencies\glm\detail\func_trigonometric_simd.inl">
      <Filter>Header Files</Filter>
    </None>
    <None Include="Dependencies\glm\detail\func_vector_relational.inl">
      <Filter>Header Files</Filter>
    </None>
    <None Include="Dependencies\glm\detail\func_vector_relational_simd.inl">
      <Filter>Header Files</Filter>
    </None>
    <None Include="Dependencies\glm\detail\type_half.inl">
      <Filter>Header Files</Filter>
    </None>
    <None Include="Dependencies\glm\detail\type_mat2x2.inl">
      <Filter>Header Files</Filter>
    </None>
    <None Include="Dependencies\glm\detail\type_mat2x3.inl">
      <Filter>Header Files</Filter>
    </None>
    <None Include="Dependencies\glm\detail\type_mat2x4.inl">
      <Filter>Header Files</Filter>
    </None>
    <None Include="Dependencies\glm\detail\type_mat3x2.inl">
      <Filter>Header Files</Filter>
    </None>
    <None Include="Dependencies\glm\detail\type_mat3x3.inl">
      <Filter>Header Files</Filter>
    </None>
    <None Include="Dependencies\glm\detail\type_mat3x4.inl">
      <Filter>Header Files</Filter>
    </None>
    <None Include="Dependencies\glm\detail\type_mat4x2.inl">
      <Filter>Header Files</Filter>
    </None>
    <None Include="Dependencies\glm\detail\type_mat4x3.inl">
      <Filter>Header Files</Filter>
    </None>
    <None Include="Dependencies\glm\detail\type_mat4x4.inl">
      <Filter>Header Files</Filter>
    </None>
    <None Include="Dependencies\glm\detail\type_mat4x4_simd.inl">
      <Filter>Header Files</Filter>
    </None>
    <None Include="Dependencies\glm\detail\type_quat.inl">
      <Filter>Header Files</Filter>
    </None>
    <None Include="Dependencies\glm\detail\type_quat_simd.inl">
      <Filter>Header Files</Filter>
    </None>
    <None Include="Dependencies\glm\detail\type_vec1.inl">
      <Filter>Header Files</Filter>
    </None>
    <None Include="Dependencies\glm\detail\type_vec2.inl">
      <Filter>Header Files</Filter>
    </None>
    <None Include="Dependencies\glm\detail\type_vec3.inl">
      <Filter>Header Files</Filter>
    </None>
    <None Include="Dependencies\glm\detail\type_vec4.inl">
      <Filter>Header Files</Filter>
    </None>
    <None Include="Dependencies\glm\detail\type_vec4_simd.inl">
      <Filter>Header Files</Filter>
    </None>
    <None Include="Dependencies\glm\ext\matrix_clip_space.inl">
      <Filter>Header Files</Filter>
    </None>
    <None Include="Dependencies\glm\ext\matrix_common.inl">
      <Filter>Header Files</Filter>
    </None>
    <None Include="Dependencies\glm\ext\matrix_projection.inl">
      <Filter>Header Files</Filter>
    </None>
    <None Include="Dependencies\glm\ext\matrix_relational.inl">
      <Filter>Header Files</Filter>
    </None>
    <None Include="Dependencies\glm\ext\matrix_transform.inl">
      <Filter>Header Files</Filter>
    </None>
    <None Include="Dependencies\glm\ext\quaternion_common.inl">
      <Filter>Header Files</Filter>
    </None>
    <None Include="Dependencies\glm\ext\quaternion_common_simd.inl">
      <Filter>Header Files</Filter>
    </None>
    <None Include="Dependencies\glm\ext\quaternion_exponential.inl">
      <Filter>Header Files</Filter>
    </None>
    <None Include="Dependencies\glm\ext\quaternion_geometric.inl">
      <Filter>Header Files</Filter>
    </None>
    <None Include="Dependencies\glm\ext\quaternion_relational.inl">
      <Filter>Header Files</Filter>
    </None>
    <None Include="Dependencies\glm\ext\quaternion_transform.inl">
      <Filter>Header Files</Filter>
    </None>
    <None Include="Dependencies\glm\ext\quaternion_trigonometric.inl">
      <Filter>Header Files</Filter>
    </None>
    <None Include="Dependencies\glm\ext\scalar_common.inl">
      <Filter>Header Files</Filter>
    </None>
    <None Include="Dependencies\glm\ext\scalar_constants.inl">
      <Filter>Header Files</Filter>
    </None>
    <None Include="Dependencies\glm\ext\scalar_integer.inl">
      <Filter>Header Files</Filter>
    </None>
    <None Include="Dependencies\glm\ext\scalar_packing.inl">
      <Filter>Header Files</Filter>
    </None>
    <None Include="Dependencies\glm\ext\scalar_relational.inl">
      <Filter>Header Files</Filter>
    </None>
    <None Include="Dependencies\glm\ext\scalar_ulp.inl">
      <Filter>Header Files</Filter>
    </None>
    <None Include="Dependencies\glm\ext\vector_common.inl">
      <Filter>Header Files</Filter>
    </None>
    <None Include="Dependencies\glm\ext\vector_integer.inl">
      <Filter>Header Files</Filter>
    </None>
    <None Include="Dependencies\glm\ext\vector_packing.inl">
      <Filter>Header Files</Filter>
    </None>
    <None Include="Dependencies\glm\ext\vector_relational.inl">
      <Filter>Header Files</Filter>
    </None>
    <None Include="Dependencies\glm\ext\vector_ulp.inl">
      <Filter>Header Files</Filter>
    </None>
    <None Include="Dependencies\glm\gtc\bitfield.inl">
      <Filter>Header Files</Filter>
    </None>
    <None Include="Dependencies\glm\gtc\color_space.inl">
      <Filter>Header Files</Filter>
    </None>
    <None Include="Dependencies\glm\gtc\constants.inl">
      <Filter>Header Files</Filter>
    </None>
    <None Include="Dependencies\glm\gtc\epsilon.inl">
      <Filter>Header Files</Filter>
    </None>
    <None Include="Dependencies\glm\gtc\integer.inl">
      <Filter>Header Files</Filter>
    </None>
    <None Include="Dependencies\glm\gtc\matrix_access.inl">
      <Filter>Header Files</Filter>
    </None>
    <None Include="Dependencies\glm\gtc\matrix_inverse.inl">
      <Filter>Header Files</Filter>
    </None>
    <None Include="Dependencies\glm\gtc\matrix_transform.inl">
      <Filter>Header Files</Filter>
    </None>
    <None Include="Dependencies\glm\gtc\noise.inl">
      <Filter>Header Files</Filter>
    </None>
    <None Include="Dependencies\glm\gtc\packing.inl">
      <Filter>Header Files</Filter>
    </None>
    <None Include="Dependencies\glm\gtc\quaternion.inl">
      <Filter>Header Files</Filter>
    </None>
    <None Include="Dependencies\glm\gtc\quaternion_simd.inl">
      <Filter>Header Files</Filter>
    </None>
    <None Include="Dependencies\glm\gtc\random.inl">
      <Filter>Header Files</Filter>
    </None>
    <None Include="Dependencies\glm\gtc\reciprocal.inl">
      <Filter>Header Files</Filter>
    </None>
    <None Include="Dependencies\glm\gtc\round.inl">
      <Filter>Header Files</Filter>
    </None>
    <None Include="Dependencies\glm\gtc\type_precision.inl">
      <Filter>Header Files</Filter>
    </None>
    <None Include="Dependencies\glm\gtc\type_ptr.inl">
      <Filter>Header Files</Filter>
    </None>
    <None Include="Dependencies\glm\gtc\ulp.inl">
      <Filter>Header Files</Filter>
    </None>
    <None Include="Dependencies\glm\gtx\associated_min_max.inl">
      <Filter>Header Files</Filter>
    </None>
    <None Include="Dependencies\glm\gtx\bit.inl">
      <Filter>Header Files</Filter>
    </None>
    <None Include="Dependencies\glm\gtx\closest_point.inl">
      <Filter>Header Files</Filter>
    </None>
    <None Include="Dependencies\glm\gtx\color_encoding.inl">
      <Filter>Header Files</Filter>
    </None>
    <None Include="Dependencies\glm\gtx\color_space.inl">
      <Filter>Header Files</Filter>
    </None>
    <None Include="Dependencies\glm\gtx\color_space_YCoCg.inl">
      <Filter>Header Files</Filter>
    </None>
    <None Include="Dependencies\glm\gtx\common.inl">
      <Filter>Header Files</Filter>
    </None>
    <None Include="Dependencies\glm\gtx\compatibility.inl">
      <Filter>Header Files</Filter>
    </None>
    <None Include="Dependencies\glm\gtx\component_wise.inl">
      <Filter>Header Files</Filter>
    </None>
    <None Include="Dependencies\glm\gtx\dual_quaternion.inl">
      <Filter>Header Files</Filter>
    </None>
    <None Include="Dependencies\glm\gtx\easing.inl">
      <Filter>Header Files</Filter>
    </None>
    <None Include="Dependencies\glm\gtx\euler_angles.inl">
      <Filter>Header Files</Filter>
    </None>
    <None Include="Dependencies\glm\gtx\extend.inl">
      <Filter>Header Files</Filter>
    </None>
    <None Include="Dependencies\glm\gtx\extended_min_max.inl">
      <Filter>Header Files</Filter>
    </None>
    <None Include="Dependencies\glm\gtx\exterior_product.inl">
      <Filter>Header Files</Filter>
    </None>
    <None Include="Dependencies\glm\gtx\fast_exponential.inl">
      <Filter>Header Files</Filter>
    </None>
    <None Include="Dependencies\glm\gtx\fast_square_root.inl">
      <Filter>Header Files</Filter>
    </None>
    <None Include="Dependencies\glm\gtx\fast_trigonometry.inl">
      <Filter>Header Files</Filter>
    </None>
    <None Include="Dependencies\glm\gtx\float_notmalize.inl">
      <Filter>Header Files</Filter>
    </None>
    <None Include="Dependencies\glm\gtx\functions.inl">
      <Filter>Header Files</Filter>
    </None>
    <None Include="Dependencies\glm\gtx\gradient_paint.inl">
      <Filter>Header Files</Filter>
    </None>
    <None Include="Dependencies\glm\gtx\handed_coordinate_space.inl">
      <Filter>Header Files</Filter>
    </None>
    <None Include="Dependencies\glm\gtx\hash.inl">
      <Filter>Header Files</Filter>
    </None>
    <None Include="Dependencies\glm\gtx\integer.inl">
      <Filter>Header Files</Filter>
    </None>
    <None Include="Dependencies\glm\gtx\intersect.inl">
      <Filter>Header Files</Filter>
    </None>
    <None Include="Dependencies\glm\gtx\io.inl">
      <Filter>Header Files</Filter>
    </None>
    <None Include="Dependencies\glm\gtx\log_base.inl">
      <Filter>Header Files</Filter>
    </None>
    <None Include="Dependencies\glm\gtx\matrix_cross_product.inl">
      <Filter>Header Files</Filter>
    </None>
    <None Include="Dependencies\glm\gtx\matrix_decompose.inl">
      <Filter>Header Files</Filter>
    </None>
    <None Include="Dependencies\glm\gtx\matrix_factorisation.inl">
      <Filter>Header Files</Filter>
    </None>
    <None Include="Dependencies\glm\gtx\matrix_interpolation.inl">
      <Filter>Header Files</Filter>
    </None>
    <None Include="Dependencies\glm\gtx\matrix_major_storage.inl">
      <Filter>Header Files</Filter>
    </None>
    <None Include="Dependencies\glm\gtx\matrix_operation.inl">
      <Filter>Header Files</Filter>
    </None>
    <None Include="Dependencies\glm\gtx\matrix_query.inl">
      <Filter>Header Files</Filter>
    </None>
    <None Include="Dependencies\glm\gtx\matrix_transform_2d.inl">
      <Filter>Header Files</Filter>
    </None>
    <None Include="Dependencies\glm\gtx\mixed_product.inl">
      <Filter>Header Files</Filter>
    </None>
    <None Include="Dependencies\glm\gtx\norm.inl">
      <Filter>Header Files</Filter>
    </None>
    <None Include="Dependencies\glm\gtx\normal.inl">
      <Filter>Header Files</Filter>
    </None>
    <None Include="Dependencies\glm\gtx\normalize_dot.inl">
      <Filter>Header Files</Filter>
    </None>
    <None Include="Dependencies\glm\gtx\number_precision.inl">
      <Filter>Header Files</Filter>
    </None>
    <None Include="Dependencies\glm\gtx\optimum_pow.inl">
      <Filter>Header Files</Filter>
    </None>
    <None Include="Dependencies\glm\gtx\orthonormalize.inl">
      <Filter>Header Files</Filter>
    </None>
    <None Include="Dependencies\glm\gtx\perpendicular.inl">
      <Filter>Header Files</Filter>
    </None>
    <None Include="Dependencies\glm\gtx\polar_coordinates.inl">
      <Filter>Header Files</Filter>
    </None>
    <None Include="Dependencies\glm\gtx\projection.inl">
      <Filter>Header Files</Filter>
    </None>
    <None Include="Dependencies\glm\gtx\quaternion.inl">
      <Filter>Header Files</Filter>
    </None>
    <None Include="Dependencies\glm\gtx\raw_data.inl">
      <Filter>Header Files</Filter>
    </None>
    <None Include="Dependencies\glm\gtx\rotate_normalized_axis.inl">
      <Filter>Header Files</Filter>
    </None>
    <None Include="Dependencies\glm\gtx\rotate_vector.inl">
      <Filter>Header Files</Filter>
    </None>
    <None Include="Dependencies\glm\gtx\scalar_relational.inl">
      <Filter>Header Files</Filter>
    </None>
    <None Include="Dependencies\glm\gtx\spline.inl">
      <Filter>Header Files</Filter>
    </None>
    <None Include="Dependencies\glm\gtx\std_based_type.inl">
      <Filter>Header Files</Filter>
    </None>
    <None Include="Dependencies\glm\gtx\string_cast.inl">
      <Filter>Header Files</Filter>
    </None>
    <None Include="Dependencies\glm\gtx\texture.inl">
      <Filter>Header Files</Filter>
    </None>
    <None Include="Dependencies\glm\gtx\transform.inl">
      <Filter>Header Files</Filter>
    </None>
    <None Include="Dependencies\glm\gtx\transform2.inl">
      <Filter>Header Files</Filter>
    </None>
    <None Include="Dependencies\glm\gtx\type_aligned.inl">
      <Filter>Header Files</Filter>
    </None>
    <None Include="Dependencies\glm\gtx\type_trait.inl">
      <Filter>Header Files</Filter>
    </None>
    <None Include="Dependencies\glm\gtx\vector_angle.inl">
      <Filter>Header Files</Filter>
    </None>
    <None Include="Dependencies\glm\gtx\vector_query.inl">
      <Filter>Header Files</Filter>
    </None>
    <None Include="Dependencies\glm\gtx\wrap.inl">
      <Filter>Header Files</Filter>
    </None>
    <None Include="src\shaders\default\fragment.glsl" />
    <None Include="src\shaders\default\vertex.glsl" />
    <None Include="Dependencies\GLFW\lib-vc2022\glfw3.dll" />
    <None Include="Dependencies\GLEW\bin\Release\x64\glew32.dll" />
    <None Include="Dependencies\GLEW\bin\Release\Win32\glew32.dll" />
    <None Include="Dependencies\GLEW\bin\Release\Win32\glewinfo.exe" />
    <None Include="Dependencies\GLEW\bin\Release\Win32\visualinfo.exe" />
    <None Include="Dependencies\assimp-vc143-mtd.dll" />
    <None Include="Dependencies\assimp\color4.inl">
      <Filter>Header Files</Filter>
    </None>
    <None Include="Dependencies\assimp\material.inl">
      <Filter>Header Files</Filter>
    </None>
    <None Include="Dependencies\assimp\matrix3x3.inl">
      <Filter>Header Files</Filter>
    </None>
    <None Include="Dependencies\assimp\matrix4x4.inl">
      <Filter>Header Files</Filter>
    </None>
    <None Include="Dependencies\assimp\quaternion.inl">
      <Filter>Header Files</Filter>
    </None>
    <None Include="Dependencies\assimp\SmoothingGroups.inl">
      <Filter>Header Files</Filter>
    </None>
    <None Include="Dependencies\assimp\vector2.inl">
      <Filter>Header Files</Filter>
    </None>
    <None Include="Dependencies\assimp\vector3.inl">
      <Filter>Header Files</Filter>
    </None>
  </ItemGroup>
  <ItemGroup>
    <Library Include="Dependencies\GLFW\lib-vc2022\glfw3.lib" />
    <Library Include="Dependencies\GLFW\lib-vc2022\glfw3_mt.lib" />
    <Library Include="Dependencies\GLFW\lib-vc2022\glfw3dll.lib" />
    <Library Include="Dependencies\GLEW\lib\Release\x64\glew32.lib" />
    <Library Include="Dependencies\GLEW\lib\Release\x64\glew32s.lib" />
    <Library Include="Dependencies\GL\freeglut.lib" />
    <Library Include="Dependencies\yaml\yaml-cppd.lib" />
  </ItemGroup>
</Project>